<?xml version="1.0" encoding="UTF-8"?>
<!DOCTYPE plist PUBLIC "-//Apple//DTD PLIST 1.0//EN" "http://www.apple.com/DTDs/PropertyList-1.0.dtd">
<plist version="1.0">
<dict>
	<key>archiveVersion</key>
	<string>1</string>
	<key>classes</key>
	<dict/>
	<key>objectVersion</key>
	<string>46</string>
	<key>objects</key>
	<dict>
		<key>06BF23971DD60662A4430E30</key>
		<dict>
			<key>includeInIndex</key>
			<string>1</string>
			<key>isa</key>
			<string>PBXFileReference</string>
			<key>lastKnownFileType</key>
			<string>text.xcconfig</string>
			<key>name</key>
			<string>Pods-YLExperimentForOC.debug.xcconfig</string>
			<key>path</key>
			<string>Pods/Target Support Files/Pods-YLExperimentForOC/Pods-YLExperimentForOC.debug.xcconfig</string>
			<key>sourceTree</key>
			<string>&lt;group&gt;</string>
		</dict>
		<key>2B6D437CAA73DC7D55370B68</key>
		<dict>
			<key>includeInIndex</key>
			<string>1</string>
			<key>isa</key>
			<string>PBXFileReference</string>
			<key>lastKnownFileType</key>
			<string>text.xcconfig</string>
			<key>name</key>
			<string>Pods.debug.xcconfig</string>
			<key>path</key>
			<string>Pods/Target Support Files/Pods/Pods.debug.xcconfig</string>
			<key>sourceTree</key>
			<string>&lt;group&gt;</string>
		</dict>
		<key>33F7863DA89F529A2CB47A34</key>
		<dict>
			<key>fileRef</key>
			<string>D1B3B731ED24FEA9F5BF0EA9</string>
			<key>isa</key>
			<string>PBXBuildFile</string>
		</dict>
		<key>58E8315F5D7A2A1F43435FD3</key>
		<dict>
			<key>buildActionMask</key>
			<string>2147483647</string>
			<key>files</key>
			<array/>
			<key>inputPaths</key>
			<array/>
			<key>isa</key>
			<string>PBXShellScriptBuildPhase</string>
			<key>name</key>
			<string>[CP] Embed Pods Frameworks</string>
			<key>outputPaths</key>
			<array/>
			<key>runOnlyForDeploymentPostprocessing</key>
			<string>0</string>
			<key>shellPath</key>
			<string>/bin/sh</string>
			<key>shellScript</key>
			<string>"${SRCROOT}/Pods/Target Support Files/Pods-YLExperimentForOC/Pods-YLExperimentForOC-frameworks.sh"
</string>
			<key>showEnvVarsInLog</key>
			<string>0</string>
		</dict>
		<key>5AC27E0B699719BFF8C57FA1</key>
		<dict>
			<key>children</key>
			<array>
				<string>2B6D437CAA73DC7D55370B68</string>
				<string>B53A6A912A179048CC200A58</string>
				<string>06BF23971DD60662A4430E30</string>
				<string>778D26B954310062603BA11A</string>
			</array>
			<key>isa</key>
			<string>PBXGroup</string>
			<key>name</key>
			<string>Pods</string>
			<key>sourceTree</key>
			<string>&lt;group&gt;</string>
		</dict>
		<key>6308B9A76C7CC434D1AA8EFF</key>
		<dict>
			<key>buildActionMask</key>
			<string>2147483647</string>
			<key>files</key>
			<array/>
			<key>inputPaths</key>
			<array/>
			<key>isa</key>
			<string>PBXShellScriptBuildPhase</string>
			<key>name</key>
			<string>Copy Pods Resources</string>
			<key>outputPaths</key>
			<array/>
			<key>runOnlyForDeploymentPostprocessing</key>
			<string>0</string>
			<key>shellPath</key>
			<string>/bin/sh</string>
			<key>shellScript</key>
			<string>"${SRCROOT}/Pods/Target Support Files/Pods-YLExperimentForOC/Pods-YLExperimentForOC-resources.sh"
</string>
			<key>showEnvVarsInLog</key>
			<string>0</string>
		</dict>
		<key>75786762FE357881E2E499C4</key>
		<dict>
			<key>children</key>
			<array>
				<string>9E27233A3F10810DEB969BBA</string>
				<string>D1B3B731ED24FEA9F5BF0EA9</string>
			</array>
			<key>isa</key>
			<string>PBXGroup</string>
			<key>name</key>
			<string>Frameworks</string>
			<key>sourceTree</key>
			<string>&lt;group&gt;</string>
		</dict>
		<key>778D26B954310062603BA11A</key>
		<dict>
			<key>includeInIndex</key>
			<string>1</string>
			<key>isa</key>
			<string>PBXFileReference</string>
			<key>lastKnownFileType</key>
			<string>text.xcconfig</string>
			<key>name</key>
			<string>Pods-YLExperimentForOC.release.xcconfig</string>
			<key>path</key>
			<string>Pods/Target Support Files/Pods-YLExperimentForOC/Pods-YLExperimentForOC.release.xcconfig</string>
			<key>sourceTree</key>
			<string>&lt;group&gt;</string>
		</dict>
		<key>9D88C848F619245AFE514250</key>
		<dict>
			<key>buildActionMask</key>
			<string>2147483647</string>
			<key>files</key>
			<array/>
			<key>inputPaths</key>
			<array/>
			<key>isa</key>
			<string>PBXShellScriptBuildPhase</string>
			<key>name</key>
			<string>[CP] Copy Pods Resources</string>
			<key>outputPaths</key>
			<array/>
			<key>runOnlyForDeploymentPostprocessing</key>
			<string>0</string>
			<key>shellPath</key>
			<string>/bin/sh</string>
			<key>shellScript</key>
			<string>"${SRCROOT}/Pods/Target Support Files/Pods-YLExperimentForOC/Pods-YLExperimentForOC-resources.sh"
</string>
			<key>showEnvVarsInLog</key>
			<string>0</string>
		</dict>
		<key>9E27233A3F10810DEB969BBA</key>
		<dict>
			<key>explicitFileType</key>
			<string>archive.ar</string>
			<key>includeInIndex</key>
			<string>0</string>
			<key>isa</key>
			<string>PBXFileReference</string>
			<key>path</key>
			<string>libPods.a</string>
			<key>sourceTree</key>
			<string>BUILT_PRODUCTS_DIR</string>
		</dict>
		<key>B53A6A912A179048CC200A58</key>
		<dict>
			<key>includeInIndex</key>
			<string>1</string>
			<key>isa</key>
			<string>PBXFileReference</string>
			<key>lastKnownFileType</key>
			<string>text.xcconfig</string>
			<key>name</key>
			<string>Pods.release.xcconfig</string>
			<key>path</key>
			<string>Pods/Target Support Files/Pods/Pods.release.xcconfig</string>
			<key>sourceTree</key>
			<string>&lt;group&gt;</string>
		</dict>
		<key>B6FA12FD318ED820F9D5D1BE</key>
		<dict>
			<key>buildActionMask</key>
			<string>2147483647</string>
			<key>files</key>
			<array/>
			<key>inputPaths</key>
			<array/>
			<key>isa</key>
			<string>PBXShellScriptBuildPhase</string>
			<key>name</key>
			<string>[CP] Check Pods Manifest.lock</string>
			<key>outputPaths</key>
			<array/>
			<key>runOnlyForDeploymentPostprocessing</key>
			<string>0</string>
			<key>shellPath</key>
			<string>/bin/sh</string>
			<key>shellScript</key>
			<string>diff "${PODS_ROOT}/../Podfile.lock" "${PODS_ROOT}/Manifest.lock" &gt; /dev/null
if [[ $? != 0 ]] ; then
    cat &lt;&lt; EOM
error: The sandbox is not in sync with the Podfile.lock. Run 'pod install' or update your CocoaPods installation.
EOM
    exit 1
fi
</string>
			<key>showEnvVarsInLog</key>
			<string>0</string>
		</dict>
		<key>C301DF231D49A1C900408501</key>
		<dict>
			<key>isa</key>
			<string>PBXFileReference</string>
			<key>lastKnownFileType</key>
			<string>sourcecode.c.h</string>
			<key>path</key>
			<string>Macros.h</string>
			<key>sourceTree</key>
			<string>&lt;group&gt;</string>
		</dict>
		<key>C301DF281D49EF2200408501</key>
		<dict>
			<key>children</key>
			<array>
				<string>C301DF291D49EFAC00408501</string>
				<string>C301DF2A1D49EFAC00408501</string>
				<string>C301DF2C1D49F05400408501</string>
				<string>C301DF2D1D49F05400408501</string>
				<string>C301DF2F1D49F50F00408501</string>
				<string>C301DF301D49F50F00408501</string>
				<string>C301DF321D49F8FA00408501</string>
				<string>C301DF331D49F8FA00408501</string>
				<string>C301DF351D4A02FA00408501</string>
				<string>C301DF361D4A02FA00408501</string>
				<string>C301DF381D4B46DD00408501</string>
			</array>
			<key>isa</key>
			<string>PBXGroup</string>
			<key>name</key>
			<string>AnswerTabUI - FCOM</string>
			<key>sourceTree</key>
			<string>&lt;group&gt;</string>
		</dict>
		<key>C301DF291D49EFAC00408501</key>
		<dict>
			<key>fileEncoding</key>
			<string>4</string>
			<key>isa</key>
			<string>PBXFileReference</string>
			<key>lastKnownFileType</key>
			<string>sourcecode.c.h</string>
			<key>path</key>
			<string>BFEForeignAnswerViewController.h</string>
			<key>sourceTree</key>
			<string>&lt;group&gt;</string>
		</dict>
		<key>C301DF2A1D49EFAC00408501</key>
		<dict>
			<key>fileEncoding</key>
			<string>4</string>
			<key>isa</key>
			<string>PBXFileReference</string>
			<key>lastKnownFileType</key>
			<string>sourcecode.c.objc</string>
			<key>path</key>
			<string>BFEForeignAnswerViewController.m</string>
			<key>sourceTree</key>
			<string>&lt;group&gt;</string>
		</dict>
		<key>C301DF2B1D49EFAC00408501</key>
		<dict>
			<key>fileRef</key>
			<string>C301DF2A1D49EFAC00408501</string>
			<key>isa</key>
			<string>PBXBuildFile</string>
		</dict>
		<key>C301DF2C1D49F05400408501</key>
		<dict>
			<key>fileEncoding</key>
			<string>4</string>
			<key>isa</key>
			<string>PBXFileReference</string>
			<key>lastKnownFileType</key>
			<string>sourcecode.c.h</string>
			<key>path</key>
			<string>AnswerVCCell.h</string>
			<key>sourceTree</key>
			<string>&lt;group&gt;</string>
		</dict>
		<key>C301DF2D1D49F05400408501</key>
		<dict>
			<key>fileEncoding</key>
			<string>4</string>
			<key>isa</key>
			<string>PBXFileReference</string>
			<key>lastKnownFileType</key>
			<string>sourcecode.c.objc</string>
			<key>path</key>
			<string>AnswerVCCell.m</string>
			<key>sourceTree</key>
			<string>&lt;group&gt;</string>
		</dict>
		<key>C301DF2E1D49F05400408501</key>
		<dict>
			<key>fileRef</key>
			<string>C301DF2D1D49F05400408501</string>
			<key>isa</key>
			<string>PBXBuildFile</string>
		</dict>
		<key>C301DF2F1D49F50F00408501</key>
		<dict>
			<key>fileEncoding</key>
			<string>4</string>
			<key>isa</key>
			<string>PBXFileReference</string>
			<key>lastKnownFileType</key>
			<string>sourcecode.c.h</string>
			<key>path</key>
			<string>AnswerVCCellDataModel.h</string>
			<key>sourceTree</key>
			<string>&lt;group&gt;</string>
		</dict>
		<key>C301DF301D49F50F00408501</key>
		<dict>
			<key>fileEncoding</key>
			<string>4</string>
			<key>isa</key>
			<string>PBXFileReference</string>
			<key>lastKnownFileType</key>
			<string>sourcecode.c.objc</string>
			<key>path</key>
			<string>AnswerVCCellDataModel.m</string>
			<key>sourceTree</key>
			<string>&lt;group&gt;</string>
		</dict>
		<key>C301DF311D49F50F00408501</key>
		<dict>
			<key>fileRef</key>
			<string>C301DF301D49F50F00408501</string>
			<key>isa</key>
			<string>PBXBuildFile</string>
		</dict>
		<key>C301DF321D49F8FA00408501</key>
		<dict>
			<key>fileEncoding</key>
			<string>4</string>
			<key>isa</key>
			<string>PBXFileReference</string>
			<key>lastKnownFileType</key>
			<string>sourcecode.c.h</string>
			<key>path</key>
			<string>AnswerVCCellDataModelFrame.h</string>
			<key>sourceTree</key>
			<string>&lt;group&gt;</string>
		</dict>
		<key>C301DF331D49F8FA00408501</key>
		<dict>
			<key>fileEncoding</key>
			<string>4</string>
			<key>isa</key>
			<string>PBXFileReference</string>
			<key>lastKnownFileType</key>
			<string>sourcecode.c.objc</string>
			<key>path</key>
			<string>AnswerVCCellDataModelFrame.m</string>
			<key>sourceTree</key>
			<string>&lt;group&gt;</string>
		</dict>
		<key>C301DF341D49F8FA00408501</key>
		<dict>
			<key>fileRef</key>
			<string>C301DF331D49F8FA00408501</string>
			<key>isa</key>
			<string>PBXBuildFile</string>
		</dict>
		<key>C301DF351D4A02FA00408501</key>
		<dict>
			<key>fileEncoding</key>
			<string>4</string>
			<key>isa</key>
			<string>PBXFileReference</string>
			<key>lastKnownFileType</key>
			<string>sourcecode.c.h</string>
			<key>path</key>
			<string>AnswerVCCellDataModelGroup.h</string>
			<key>sourceTree</key>
			<string>&lt;group&gt;</string>
		</dict>
		<key>C301DF361D4A02FA00408501</key>
		<dict>
			<key>fileEncoding</key>
			<string>4</string>
			<key>isa</key>
			<string>PBXFileReference</string>
			<key>lastKnownFileType</key>
			<string>sourcecode.c.objc</string>
			<key>path</key>
			<string>AnswerVCCellDataModelGroup.m</string>
			<key>sourceTree</key>
			<string>&lt;group&gt;</string>
		</dict>
		<key>C301DF371D4A02FA00408501</key>
		<dict>
			<key>fileRef</key>
			<string>C301DF361D4A02FA00408501</string>
			<key>isa</key>
			<string>PBXBuildFile</string>
		</dict>
		<key>C301DF381D4B46DD00408501</key>
		<dict>
			<key>fileEncoding</key>
			<string>4</string>
			<key>isa</key>
			<string>PBXFileReference</string>
			<key>lastKnownFileType</key>
			<string>text.plist.xml</string>
			<key>path</key>
			<string>AnswerMessages.plist</string>
			<key>sourceTree</key>
			<string>&lt;group&gt;</string>
		</dict>
		<key>C301DF391D4B46DD00408501</key>
		<dict>
			<key>fileRef</key>
			<string>C301DF381D4B46DD00408501</string>
			<key>isa</key>
			<string>PBXBuildFile</string>
		</dict>
		<key>C301DF581D4EEDDF00408501</key>
		<dict>
			<key>children</key>
			<array>
				<string>C301DF5C1D4EEEDD00408501</string>
				<string>C301DF5D1D4EEEDD00408501</string>
			</array>
			<key>isa</key>
			<string>PBXGroup</string>
			<key>name</key>
			<string>AnswerInfoInterface - FCOM</string>
			<key>sourceTree</key>
			<string>&lt;group&gt;</string>
		</dict>
		<key>C301DF5C1D4EEEDD00408501</key>
		<dict>
			<key>fileEncoding</key>
			<string>4</string>
			<key>isa</key>
			<string>PBXFileReference</string>
			<key>lastKnownFileType</key>
			<string>sourcecode.c.h</string>
			<key>path</key>
			<string>BFEAnswerInfoInterface.h</string>
			<key>sourceTree</key>
			<string>&lt;group&gt;</string>
		</dict>
		<key>C301DF5D1D4EEEDD00408501</key>
		<dict>
			<key>fileEncoding</key>
			<string>4</string>
			<key>isa</key>
			<string>PBXFileReference</string>
			<key>lastKnownFileType</key>
			<string>sourcecode.c.objc</string>
			<key>path</key>
			<string>BFEAnswerInfoInterface.m</string>
			<key>sourceTree</key>
			<string>&lt;group&gt;</string>
		</dict>
		<key>C301DF5E1D4EEEDD00408501</key>
		<dict>
			<key>fileRef</key>
			<string>C301DF5D1D4EEEDD00408501</string>
			<key>isa</key>
			<string>PBXBuildFile</string>
		</dict>
		<key>C301DF5F1D4F273A00408501</key>
		<dict>
			<key>isa</key>
			<string>PBXFileReference</string>
			<key>lastKnownFileType</key>
			<string>image.png</string>
			<key>path</key>
			<string>bgEarn.png</string>
			<key>sourceTree</key>
			<string>&lt;group&gt;</string>
		</dict>
		<key>C301DF601D4F273A00408501</key>
		<dict>
			<key>isa</key>
			<string>PBXFileReference</string>
			<key>lastKnownFileType</key>
			<string>image.png</string>
			<key>path</key>
			<string>bgEarn@2x.png</string>
			<key>sourceTree</key>
			<string>&lt;group&gt;</string>
		</dict>
		<key>C301DF611D4F273A00408501</key>
		<dict>
			<key>isa</key>
			<string>PBXFileReference</string>
			<key>lastKnownFileType</key>
			<string>image.png</string>
			<key>path</key>
			<string>bgEarn@3x.png</string>
			<key>sourceTree</key>
			<string>&lt;group&gt;</string>
		</dict>
		<key>C301DF621D4F273A00408501</key>
		<dict>
			<key>fileRef</key>
			<string>C301DF5F1D4F273A00408501</string>
			<key>isa</key>
			<string>PBXBuildFile</string>
		</dict>
		<key>C301DF631D4F273A00408501</key>
		<dict>
			<key>fileRef</key>
			<string>C301DF601D4F273A00408501</string>
			<key>isa</key>
			<string>PBXBuildFile</string>
		</dict>
		<key>C301DF641D4F273A00408501</key>
		<dict>
			<key>fileRef</key>
			<string>C301DF611D4F273A00408501</string>
			<key>isa</key>
			<string>PBXBuildFile</string>
		</dict>
		<key>C301DF651D4F27C600408501</key>
		<dict>
			<key>isa</key>
			<string>PBXFileReference</string>
			<key>lastKnownFileType</key>
			<string>image.jpeg</string>
			<key>path</key>
			<string>bigPicture.jpeg</string>
			<key>sourceTree</key>
			<string>&lt;group&gt;</string>
		</dict>
		<key>C301DF661D4F27C600408501</key>
		<dict>
			<key>isa</key>
			<string>PBXFileReference</string>
			<key>lastKnownFileType</key>
			<string>image.png</string>
			<key>path</key>
			<string>zhifubao.png</string>
			<key>sourceTree</key>
			<string>&lt;group&gt;</string>
		</dict>
		<key>C301DF671D4F27C600408501</key>
		<dict>
			<key>fileRef</key>
			<string>C301DF651D4F27C600408501</string>
			<key>isa</key>
			<string>PBXBuildFile</string>
		</dict>
		<key>C301DF681D4F27C600408501</key>
		<dict>
			<key>fileRef</key>
			<string>C301DF661D4F27C600408501</string>
			<key>isa</key>
			<string>PBXBuildFile</string>
		</dict>
		<key>C316FE071D6840E100EB3560</key>
		<dict>
			<key>fileEncoding</key>
			<string>4</string>
			<key>isa</key>
			<string>PBXFileReference</string>
			<key>lastKnownFileType</key>
			<string>sourcecode.c.h</string>
			<key>path</key>
			<string>MasonryFiveViewController.h</string>
			<key>sourceTree</key>
			<string>&lt;group&gt;</string>
		</dict>
		<key>C316FE081D6840E100EB3560</key>
		<dict>
			<key>fileEncoding</key>
			<string>4</string>
			<key>isa</key>
			<string>PBXFileReference</string>
			<key>lastKnownFileType</key>
			<string>sourcecode.c.objc</string>
			<key>path</key>
			<string>MasonryFiveViewController.m</string>
			<key>sourceTree</key>
			<string>&lt;group&gt;</string>
		</dict>
		<key>C316FE091D6840E100EB3560</key>
		<dict>
			<key>fileRef</key>
			<string>C316FE081D6840E100EB3560</string>
			<key>isa</key>
			<string>PBXBuildFile</string>
		</dict>
		<key>C319E35D1D3F28F500286755</key>
		<dict>
			<key>children</key>
			<array>
				<string>C36355301D65BE8600435998</string>
				<string>C301DF581D4EEDDF00408501</string>
				<string>C301DF281D49EF2200408501</string>
				<string>C32CFE891D3F19DF0079334D</string>
				<string>C3664DE81D349FDE00D29182</string>
				<string>C3E27FDF1D387378004C4D15</string>
			</array>
			<key>isa</key>
			<string>PBXGroup</string>
			<key>name</key>
			<string>FCOM</string>
			<key>sourceTree</key>
			<string>&lt;group&gt;</string>
		</dict>
		<key>C3241F621D20BC8A0015C9FD</key>
		<dict>
			<key>fileEncoding</key>
			<string>4</string>
			<key>isa</key>
			<string>PBXFileReference</string>
			<key>lastKnownFileType</key>
			<string>sourcecode.c.h</string>
			<key>path</key>
			<string>TableViewControllerSeven.h</string>
			<key>sourceTree</key>
			<string>&lt;group&gt;</string>
		</dict>
		<key>C3241F631D20BC8A0015C9FD</key>
		<dict>
			<key>fileEncoding</key>
			<string>4</string>
			<key>isa</key>
			<string>PBXFileReference</string>
			<key>lastKnownFileType</key>
			<string>sourcecode.c.objc</string>
			<key>path</key>
			<string>TableViewControllerSeven.m</string>
			<key>sourceTree</key>
			<string>&lt;group&gt;</string>
		</dict>
		<key>C3241F641D20BC8A0015C9FD</key>
		<dict>
			<key>fileRef</key>
			<string>C3241F631D20BC8A0015C9FD</string>
			<key>isa</key>
			<string>PBXBuildFile</string>
		</dict>
		<key>C3241F651D20C3840015C9FD</key>
		<dict>
			<key>fileEncoding</key>
			<string>4</string>
			<key>isa</key>
			<string>PBXFileReference</string>
			<key>lastKnownFileType</key>
			<string>sourcecode.c.h</string>
			<key>path</key>
			<string>CellSeven.h</string>
			<key>sourceTree</key>
			<string>&lt;group&gt;</string>
		</dict>
		<key>C3241F661D20C3840015C9FD</key>
		<dict>
			<key>fileEncoding</key>
			<string>4</string>
			<key>isa</key>
			<string>PBXFileReference</string>
			<key>lastKnownFileType</key>
			<string>sourcecode.c.objc</string>
			<key>path</key>
			<string>CellSeven.m</string>
			<key>sourceTree</key>
			<string>&lt;group&gt;</string>
		</dict>
		<key>C3241F671D20C3840015C9FD</key>
		<dict>
			<key>fileRef</key>
			<string>C3241F661D20C3840015C9FD</string>
			<key>isa</key>
			<string>PBXBuildFile</string>
		</dict>
		<key>C3241F681D20CD060015C9FD</key>
		<dict>
			<key>fileEncoding</key>
			<string>4</string>
			<key>isa</key>
			<string>PBXFileReference</string>
			<key>lastKnownFileType</key>
			<string>sourcecode.c.h</string>
			<key>path</key>
			<string>ScrollViewSeven.h</string>
			<key>sourceTree</key>
			<string>&lt;group&gt;</string>
		</dict>
		<key>C3241F691D20CD060015C9FD</key>
		<dict>
			<key>fileEncoding</key>
			<string>4</string>
			<key>isa</key>
			<string>PBXFileReference</string>
			<key>lastKnownFileType</key>
			<string>sourcecode.c.objc</string>
			<key>path</key>
			<string>ScrollViewSeven.m</string>
			<key>sourceTree</key>
			<string>&lt;group&gt;</string>
		</dict>
		<key>C3241F6A1D20CD060015C9FD</key>
		<dict>
			<key>fileRef</key>
			<string>C3241F691D20CD060015C9FD</string>
			<key>isa</key>
			<string>PBXBuildFile</string>
		</dict>
		<key>C32CFE891D3F19DF0079334D</key>
		<dict>
			<key>children</key>
			<array/>
			<key>isa</key>
			<string>PBXGroup</string>
			<key>name</key>
			<string>MessagePage - FCOM </string>
			<key>sourceTree</key>
			<string>&lt;group&gt;</string>
		</dict>
		<key>C335DEAA1D58D55D00CC7A26</key>
		<dict>
			<key>fileEncoding</key>
			<string>4</string>
			<key>isa</key>
			<string>PBXFileReference</string>
			<key>lastKnownFileType</key>
			<string>sourcecode.c.h</string>
			<key>path</key>
			<string>TimerTestViewController.h</string>
			<key>sourceTree</key>
			<string>&lt;group&gt;</string>
		</dict>
		<key>C335DEAB1D58D55D00CC7A26</key>
		<dict>
			<key>fileEncoding</key>
			<string>4</string>
			<key>isa</key>
			<string>PBXFileReference</string>
			<key>lastKnownFileType</key>
			<string>sourcecode.c.objc</string>
			<key>path</key>
			<string>TimerTestViewController.m</string>
			<key>sourceTree</key>
			<string>&lt;group&gt;</string>
		</dict>
		<key>C335DEAC1D58D55D00CC7A26</key>
		<dict>
			<key>fileRef</key>
			<string>C335DEAB1D58D55D00CC7A26</string>
			<key>isa</key>
			<string>PBXBuildFile</string>
		</dict>
		<key>C34FEB1C1D10EF63006E6A51</key>
		<dict>
			<key>fileEncoding</key>
			<string>4</string>
			<key>isa</key>
			<string>PBXFileReference</string>
			<key>lastKnownFileType</key>
			<string>sourcecode.c.h</string>
			<key>path</key>
			<string>TableViewControllerFive.h</string>
			<key>sourceTree</key>
			<string>&lt;group&gt;</string>
		</dict>
		<key>C34FEB1D1D10EF63006E6A51</key>
		<dict>
			<key>fileEncoding</key>
			<string>4</string>
			<key>isa</key>
			<string>PBXFileReference</string>
			<key>lastKnownFileType</key>
			<string>sourcecode.c.objc</string>
			<key>path</key>
			<string>TableViewControllerFive.m</string>
			<key>sourceTree</key>
			<string>&lt;group&gt;</string>
		</dict>
		<key>C34FEB1E1D10EF63006E6A51</key>
		<dict>
			<key>fileRef</key>
			<string>C34FEB1D1D10EF63006E6A51</string>
			<key>isa</key>
			<string>PBXBuildFile</string>
		</dict>
		<key>C34FEB1F1D10FDFE006E6A51</key>
		<dict>
			<key>fileEncoding</key>
			<string>4</string>
			<key>isa</key>
			<string>PBXFileReference</string>
			<key>lastKnownFileType</key>
			<string>sourcecode.c.h</string>
			<key>path</key>
			<string>CustomCell.h</string>
			<key>sourceTree</key>
			<string>&lt;group&gt;</string>
		</dict>
		<key>C34FEB201D10FDFE006E6A51</key>
		<dict>
			<key>fileEncoding</key>
			<string>4</string>
			<key>isa</key>
			<string>PBXFileReference</string>
			<key>lastKnownFileType</key>
			<string>sourcecode.c.objc</string>
			<key>path</key>
			<string>CustomCell.m</string>
			<key>sourceTree</key>
			<string>&lt;group&gt;</string>
		</dict>
		<key>C34FEB211D10FDFE006E6A51</key>
		<dict>
			<key>fileEncoding</key>
			<string>4</string>
			<key>isa</key>
			<string>PBXFileReference</string>
			<key>lastKnownFileType</key>
			<string>file.xib</string>
			<key>path</key>
			<string>CustomCell.xib</string>
			<key>sourceTree</key>
			<string>&lt;group&gt;</string>
		</dict>
		<key>C34FEB221D10FDFE006E6A51</key>
		<dict>
			<key>fileRef</key>
			<string>C34FEB201D10FDFE006E6A51</string>
			<key>isa</key>
			<string>PBXBuildFile</string>
		</dict>
		<key>C34FEB231D10FDFE006E6A51</key>
		<dict>
			<key>fileRef</key>
			<string>C34FEB211D10FDFE006E6A51</string>
			<key>isa</key>
			<string>PBXBuildFile</string>
		</dict>
		<key>C34FEB241D1129C6006E6A51</key>
		<dict>
			<key>fileEncoding</key>
			<string>4</string>
			<key>isa</key>
			<string>PBXFileReference</string>
			<key>lastKnownFileType</key>
			<string>text.plist.xml</string>
			<key>path</key>
			<string>friendsInfo.plist</string>
			<key>sourceTree</key>
			<string>&lt;group&gt;</string>
		</dict>
		<key>C34FEB251D1129C6006E6A51</key>
		<dict>
			<key>fileRef</key>
			<string>C34FEB241D1129C6006E6A51</string>
			<key>isa</key>
			<string>PBXBuildFile</string>
		</dict>
		<key>C34FEB431D115FE1006E6A51</key>
		<dict>
			<key>children</key>
			<array>
				<string>C34FEB441D115FE1006E6A51</string>
				<string>C34FEB461D115FE1006E6A51</string>
				<string>C34FEB471D115FE1006E6A51</string>
				<string>C34FEB481D115FE1006E6A51</string>
				<string>C34FEB491D115FE1006E6A51</string>
				<string>C34FEB4A1D115FE1006E6A51</string>
				<string>C34FEB4B1D115FE1006E6A51</string>
				<string>C34FEB4C1D115FE1006E6A51</string>
				<string>C34FEB4D1D115FE1006E6A51</string>
				<string>C34FEB451D115FE1006E6A51</string>
				<string>C301DF651D4F27C600408501</string>
				<string>C301DF661D4F27C600408501</string>
				<string>C301DF5F1D4F273A00408501</string>
				<string>C301DF601D4F273A00408501</string>
				<string>C301DF611D4F273A00408501</string>
			</array>
			<key>isa</key>
			<string>PBXGroup</string>
			<key>name</key>
			<string>Images ( &#23613;&#37327;&#22797;&#29992; )</string>
			<key>path</key>
			<string>Images</string>
			<key>sourceTree</key>
			<string>&lt;group&gt;</string>
		</dict>
		<key>C34FEB441D115FE1006E6A51</key>
		<dict>
			<key>isa</key>
			<string>PBXFileReference</string>
			<key>lastKnownFileType</key>
			<string>image.png</string>
			<key>path</key>
			<string>1.png</string>
			<key>sourceTree</key>
			<string>&lt;group&gt;</string>
		</dict>
		<key>C34FEB451D115FE1006E6A51</key>
		<dict>
			<key>isa</key>
			<string>PBXFileReference</string>
			<key>lastKnownFileType</key>
			<string>image.png</string>
			<key>path</key>
			<string>10.png</string>
			<key>sourceTree</key>
			<string>&lt;group&gt;</string>
		</dict>
		<key>C34FEB461D115FE1006E6A51</key>
		<dict>
			<key>isa</key>
			<string>PBXFileReference</string>
			<key>lastKnownFileType</key>
			<string>image.png</string>
			<key>path</key>
			<string>2.png</string>
			<key>sourceTree</key>
			<string>&lt;group&gt;</string>
		</dict>
		<key>C34FEB471D115FE1006E6A51</key>
		<dict>
			<key>isa</key>
			<string>PBXFileReference</string>
			<key>lastKnownFileType</key>
			<string>image.png</string>
			<key>path</key>
			<string>3.png</string>
			<key>sourceTree</key>
			<string>&lt;group&gt;</string>
		</dict>
		<key>C34FEB481D115FE1006E6A51</key>
		<dict>
			<key>isa</key>
			<string>PBXFileReference</string>
			<key>lastKnownFileType</key>
			<string>image.png</string>
			<key>path</key>
			<string>4.png</string>
			<key>sourceTree</key>
			<string>&lt;group&gt;</string>
		</dict>
		<key>C34FEB491D115FE1006E6A51</key>
		<dict>
			<key>isa</key>
			<string>PBXFileReference</string>
			<key>lastKnownFileType</key>
			<string>image.png</string>
			<key>path</key>
			<string>5.png</string>
			<key>sourceTree</key>
			<string>&lt;group&gt;</string>
		</dict>
		<key>C34FEB4A1D115FE1006E6A51</key>
		<dict>
			<key>isa</key>
			<string>PBXFileReference</string>
			<key>lastKnownFileType</key>
			<string>image.png</string>
			<key>path</key>
			<string>6.png</string>
			<key>sourceTree</key>
			<string>&lt;group&gt;</string>
		</dict>
		<key>C34FEB4B1D115FE1006E6A51</key>
		<dict>
			<key>isa</key>
			<string>PBXFileReference</string>
			<key>lastKnownFileType</key>
			<string>image.png</string>
			<key>path</key>
			<string>7.png</string>
			<key>sourceTree</key>
			<string>&lt;group&gt;</string>
		</dict>
		<key>C34FEB4C1D115FE1006E6A51</key>
		<dict>
			<key>isa</key>
			<string>PBXFileReference</string>
			<key>lastKnownFileType</key>
			<string>image.png</string>
			<key>path</key>
			<string>8.png</string>
			<key>sourceTree</key>
			<string>&lt;group&gt;</string>
		</dict>
		<key>C34FEB4D1D115FE1006E6A51</key>
		<dict>
			<key>isa</key>
			<string>PBXFileReference</string>
			<key>lastKnownFileType</key>
			<string>image.png</string>
			<key>path</key>
			<string>9.png</string>
			<key>sourceTree</key>
			<string>&lt;group&gt;</string>
		</dict>
		<key>C34FEB4E1D115FE1006E6A51</key>
		<dict>
			<key>fileRef</key>
			<string>C34FEB441D115FE1006E6A51</string>
			<key>isa</key>
			<string>PBXBuildFile</string>
		</dict>
		<key>C34FEB4F1D115FE1006E6A51</key>
		<dict>
			<key>fileRef</key>
			<string>C34FEB451D115FE1006E6A51</string>
			<key>isa</key>
			<string>PBXBuildFile</string>
		</dict>
		<key>C34FEB501D115FE1006E6A51</key>
		<dict>
			<key>fileRef</key>
			<string>C34FEB461D115FE1006E6A51</string>
			<key>isa</key>
			<string>PBXBuildFile</string>
		</dict>
		<key>C34FEB511D115FE1006E6A51</key>
		<dict>
			<key>fileRef</key>
			<string>C34FEB471D115FE1006E6A51</string>
			<key>isa</key>
			<string>PBXBuildFile</string>
		</dict>
		<key>C34FEB521D115FE1006E6A51</key>
		<dict>
			<key>fileRef</key>
			<string>C34FEB481D115FE1006E6A51</string>
			<key>isa</key>
			<string>PBXBuildFile</string>
		</dict>
		<key>C34FEB531D115FE1006E6A51</key>
		<dict>
			<key>fileRef</key>
			<string>C34FEB491D115FE1006E6A51</string>
			<key>isa</key>
			<string>PBXBuildFile</string>
		</dict>
		<key>C34FEB541D115FE1006E6A51</key>
		<dict>
			<key>fileRef</key>
			<string>C34FEB4A1D115FE1006E6A51</string>
			<key>isa</key>
			<string>PBXBuildFile</string>
		</dict>
		<key>C34FEB551D115FE1006E6A51</key>
		<dict>
			<key>fileRef</key>
			<string>C34FEB4B1D115FE1006E6A51</string>
			<key>isa</key>
			<string>PBXBuildFile</string>
		</dict>
		<key>C34FEB561D115FE1006E6A51</key>
		<dict>
			<key>fileRef</key>
			<string>C34FEB4C1D115FE1006E6A51</string>
			<key>isa</key>
			<string>PBXBuildFile</string>
		</dict>
		<key>C34FEB571D115FE1006E6A51</key>
		<dict>
			<key>fileRef</key>
			<string>C34FEB4D1D115FE1006E6A51</string>
			<key>isa</key>
			<string>PBXBuildFile</string>
		</dict>
		<key>C34FEB771D128207006E6A51</key>
		<dict>
			<key>fileEncoding</key>
			<string>4</string>
			<key>isa</key>
			<string>PBXFileReference</string>
			<key>lastKnownFileType</key>
			<string>sourcecode.c.h</string>
			<key>path</key>
			<string>TableViewControllerSix.h</string>
			<key>sourceTree</key>
			<string>&lt;group&gt;</string>
		</dict>
		<key>C34FEB781D128207006E6A51</key>
		<dict>
			<key>fileEncoding</key>
			<string>4</string>
			<key>isa</key>
			<string>PBXFileReference</string>
			<key>lastKnownFileType</key>
			<string>sourcecode.c.objc</string>
			<key>path</key>
			<string>TableViewControllerSix.m</string>
			<key>sourceTree</key>
			<string>&lt;group&gt;</string>
		</dict>
		<key>C34FEB791D128207006E6A51</key>
		<dict>
			<key>fileRef</key>
			<string>C34FEB781D128207006E6A51</string>
			<key>isa</key>
			<string>PBXBuildFile</string>
		</dict>
		<key>C34FEB7A1D128BB2006E6A51</key>
		<dict>
			<key>fileEncoding</key>
			<string>4</string>
			<key>isa</key>
			<string>PBXFileReference</string>
			<key>lastKnownFileType</key>
			<string>sourcecode.c.h</string>
			<key>path</key>
			<string>CustomCellForCode.h</string>
			<key>sourceTree</key>
			<string>&lt;group&gt;</string>
		</dict>
		<key>C34FEB7B1D128BB2006E6A51</key>
		<dict>
			<key>fileEncoding</key>
			<string>4</string>
			<key>isa</key>
			<string>PBXFileReference</string>
			<key>lastKnownFileType</key>
			<string>sourcecode.c.objc</string>
			<key>path</key>
			<string>CustomCellForCode.m</string>
			<key>sourceTree</key>
			<string>&lt;group&gt;</string>
		</dict>
		<key>C34FEB7C1D128BB2006E6A51</key>
		<dict>
			<key>fileRef</key>
			<string>C34FEB7B1D128BB2006E6A51</string>
			<key>isa</key>
			<string>PBXBuildFile</string>
		</dict>
		<key>C34FEB7D1D1399B5006E6A51</key>
		<dict>
			<key>fileEncoding</key>
			<string>4</string>
			<key>isa</key>
			<string>PBXFileReference</string>
			<key>lastKnownFileType</key>
			<string>sourcecode.c.h</string>
			<key>path</key>
			<string>DataModel.h</string>
			<key>sourceTree</key>
			<string>&lt;group&gt;</string>
		</dict>
		<key>C34FEB7E1D1399B5006E6A51</key>
		<dict>
			<key>fileEncoding</key>
			<string>4</string>
			<key>isa</key>
			<string>PBXFileReference</string>
			<key>lastKnownFileType</key>
			<string>sourcecode.c.objc</string>
			<key>path</key>
			<string>DataModel.m</string>
			<key>sourceTree</key>
			<string>&lt;group&gt;</string>
		</dict>
		<key>C34FEB7F1D1399B5006E6A51</key>
		<dict>
			<key>fileRef</key>
			<string>C34FEB7E1D1399B5006E6A51</string>
			<key>isa</key>
			<string>PBXBuildFile</string>
		</dict>
		<key>C34FEB801D13CE1D006E6A51</key>
		<dict>
			<key>fileEncoding</key>
			<string>4</string>
			<key>isa</key>
			<string>PBXFileReference</string>
			<key>lastKnownFileType</key>
			<string>sourcecode.c.h</string>
			<key>path</key>
			<string>DataModelGroup.h</string>
			<key>sourceTree</key>
			<string>&lt;group&gt;</string>
		</dict>
		<key>C34FEB811D13CE1D006E6A51</key>
		<dict>
			<key>fileEncoding</key>
			<string>4</string>
			<key>isa</key>
			<string>PBXFileReference</string>
			<key>lastKnownFileType</key>
			<string>sourcecode.c.objc</string>
			<key>path</key>
			<string>DataModelGroup.m</string>
			<key>sourceTree</key>
			<string>&lt;group&gt;</string>
		</dict>
		<key>C34FEB821D13CE1D006E6A51</key>
		<dict>
			<key>fileRef</key>
			<string>C34FEB811D13CE1D006E6A51</string>
			<key>isa</key>
			<string>PBXBuildFile</string>
		</dict>
		<key>C34FEB831D13D1B0006E6A51</key>
		<dict>
			<key>fileEncoding</key>
			<string>4</string>
			<key>isa</key>
			<string>PBXFileReference</string>
			<key>lastKnownFileType</key>
			<string>sourcecode.c.h</string>
			<key>path</key>
			<string>DataModelFrame.h</string>
			<key>sourceTree</key>
			<string>&lt;group&gt;</string>
		</dict>
		<key>C34FEB841D13D1B0006E6A51</key>
		<dict>
			<key>fileEncoding</key>
			<string>4</string>
			<key>isa</key>
			<string>PBXFileReference</string>
			<key>lastKnownFileType</key>
			<string>sourcecode.c.objc</string>
			<key>path</key>
			<string>DataModelFrame.m</string>
			<key>sourceTree</key>
			<string>&lt;group&gt;</string>
		</dict>
		<key>C34FEB851D13D1B0006E6A51</key>
		<dict>
			<key>fileRef</key>
			<string>C34FEB841D13D1B0006E6A51</string>
			<key>isa</key>
			<string>PBXBuildFile</string>
		</dict>
		<key>C34FEB861D13E087006E6A51</key>
		<dict>
			<key>fileEncoding</key>
			<string>4</string>
			<key>isa</key>
			<string>PBXFileReference</string>
			<key>lastKnownFileType</key>
			<string>text.plist.xml</string>
			<key>path</key>
			<string>statuses.plist</string>
			<key>sourceTree</key>
			<string>&lt;group&gt;</string>
		</dict>
		<key>C34FEB871D13E087006E6A51</key>
		<dict>
			<key>fileRef</key>
			<string>C34FEB861D13E087006E6A51</string>
			<key>isa</key>
			<string>PBXBuildFile</string>
		</dict>
		<key>C3514AE81CD30D3C002F997C</key>
		<dict>
			<key>children</key>
			<array>
				<string>C3514AEC1CD312AF002F997C</string>
				<string>C3514AED1CD312AF002F997C</string>
			</array>
			<key>isa</key>
			<string>PBXGroup</string>
			<key>name</key>
			<string>&#26085;&#21382;&#25991;&#20214;</string>
			<key>sourceTree</key>
			<string>&lt;group&gt;</string>
		</dict>
		<key>C3514AEC1CD312AF002F997C</key>
		<dict>
			<key>fileEncoding</key>
			<string>4</string>
			<key>isa</key>
			<string>PBXFileReference</string>
			<key>lastKnownFileType</key>
			<string>sourcecode.c.h</string>
			<key>path</key>
			<string>CalendarViewController.h</string>
			<key>sourceTree</key>
			<string>&lt;group&gt;</string>
		</dict>
		<key>C3514AED1CD312AF002F997C</key>
		<dict>
			<key>fileEncoding</key>
			<string>4</string>
			<key>isa</key>
			<string>PBXFileReference</string>
			<key>lastKnownFileType</key>
			<string>sourcecode.c.objc</string>
			<key>path</key>
			<string>CalendarViewController.m</string>
			<key>sourceTree</key>
			<string>&lt;group&gt;</string>
		</dict>
		<key>C3514AEE1CD312AF002F997C</key>
		<dict>
			<key>fileRef</key>
			<string>C3514AED1CD312AF002F997C</string>
			<key>isa</key>
			<string>PBXBuildFile</string>
		</dict>
		<key>C35B1F5E1CCF5A4800032582</key>
		<dict>
			<key>children</key>
			<array>
				<string>C35B1F691CCF5A4800032582</string>
				<string>C35B1F681CCF5A4800032582</string>
				<string>5AC27E0B699719BFF8C57FA1</string>
				<string>75786762FE357881E2E499C4</string>
			</array>
			<key>isa</key>
			<string>PBXGroup</string>
			<key>sourceTree</key>
			<string>&lt;group&gt;</string>
		</dict>
		<key>C35B1F5F1CCF5A4800032582</key>
		<dict>
			<key>attributes</key>
			<dict>
				<key>LastUpgradeCheck</key>
				<string>0720</string>
				<key>ORGANIZATIONNAME</key>
				<string>yilin</string>
				<key>TargetAttributes</key>
				<dict>
					<key>C35B1F661CCF5A4800032582</key>
					<dict>
						<key>CreatedOnToolsVersion</key>
						<string>7.2.1</string>
						<key>DevelopmentTeam</key>
						<string>87VJUKA92U</string>
					</dict>
				</dict>
			</dict>
			<key>buildConfigurationList</key>
			<string>C35B1F621CCF5A4800032582</string>
			<key>compatibilityVersion</key>
			<string>Xcode 3.2</string>
			<key>developmentRegion</key>
			<string>English</string>
			<key>hasScannedForEncodings</key>
			<string>0</string>
			<key>isa</key>
			<string>PBXProject</string>
			<key>knownRegions</key>
			<array>
				<string>en</string>
				<string>Base</string>
			</array>
			<key>mainGroup</key>
			<string>C35B1F5E1CCF5A4800032582</string>
			<key>productRefGroup</key>
			<string>C35B1F681CCF5A4800032582</string>
			<key>projectDirPath</key>
			<string></string>
			<key>projectReferences</key>
			<array/>
			<key>projectRoot</key>
			<string></string>
			<key>targets</key>
			<array>
				<string>C35B1F661CCF5A4800032582</string>
			</array>
		</dict>
		<key>C35B1F621CCF5A4800032582</key>
		<dict>
			<key>buildConfigurations</key>
			<array>
				<string>C35B1F7C1CCF5A4800032582</string>
				<string>C35B1F7D1CCF5A4800032582</string>
			</array>
			<key>defaultConfigurationIsVisible</key>
			<string>0</string>
			<key>defaultConfigurationName</key>
			<string>Release</string>
			<key>isa</key>
			<string>XCConfigurationList</string>
		</dict>
		<key>C35B1F631CCF5A4800032582</key>
		<dict>
			<key>buildActionMask</key>
			<string>2147483647</string>
			<key>files</key>
			<array>
				<string>C34FEB851D13D1B0006E6A51</string>
				<string>C3E27FE51D3874A9004C4D15</string>
				<string>C35CC6D41CF42C95008B9EC2</string>
				<string>C34FEB791D128207006E6A51</string>
				<string>C3241F671D20C3840015C9FD</string>
				<string>C3664DE51D33959A00D29182</string>
				<string>C37310851D5983EE00AF4C2C</string>
				<string>C301DF311D49F50F00408501</string>
				<string>C35B1F721CCF5A4800032582</string>
				<string>C3DE87631D0290E20051E255</string>
				<string>C301DF371D4A02FA00408501</string>
				<string>C3DE87571D026D560051E255</string>
				<string>C335DEAC1D58D55D00CC7A26</string>
				<string>C3E27FE81D3874B0004C4D15</string>
				<string>C38E3AF01CD986B400A70DD3</string>
				<string>C39ED15D1D670D7F00C57AA4</string>
				<string>C39ED14C1D65C16600C57AA4</string>
				<string>C301DF341D49F8FA00408501</string>
				<string>C367364D1CE31B1E00F7E54F</string>
				<string>C35CC6D71CF42D5F008B9EC2</string>
				<string>C3DE87661D044ED30051E255</string>
				<string>C34FEB221D10FDFE006E6A51</string>
				<string>C39ED1501D66E90200C57AA4</string>
				<string>C3514AEE1CD312AF002F997C</string>
				<string>C34FEB821D13CE1D006E6A51</string>
				<string>C34FEB7F1D1399B5006E6A51</string>
				<string>C34FEB7C1D128BB2006E6A51</string>
				<string>C35B1F891CCF735800032582</string>
				<string>C39ED1601D6807F100C57AA4</string>
				<string>C35CC6DA1CF42DC3008B9EC2</string>
				<string>C34FEB1E1D10EF63006E6A51</string>
				<string>C3241F6A1D20CD060015C9FD</string>
				<string>C35EA0A31CF6E11D00B4356F</string>
				<string>C39ED1531D66E96F00C57AA4</string>
				<string>C35B1F6F1CCF5A4800032582</string>
				<string>C3E27FEB1D387504004C4D15</string>
				<string>C301DF2E1D49F05400408501</string>
				<string>C35B1F6C1CCF5A4800032582</string>
				<string>C3664DE21D33418200D29182</string>
				<string>C3664DDF1D30DC0200D29182</string>
				<string>C316FE091D6840E100EB3560</string>
				<string>C3241F641D20BC8A0015C9FD</string>
				<string>C301DF2B1D49EFAC00408501</string>
				<string>C39ED1631D680BF500C57AA4</string>
				<string>C3DE87601D0290E20051E255</string>
				<string>C3E27FE21D387464004C4D15</string>
				<string>C301DF5E1D4EEEDD00408501</string>
				<string>C3664DEC1D34A06700D29182</string>
				<string>C3A80C821CFED8390031EA89</string>
			</array>
			<key>isa</key>
			<string>PBXSourcesBuildPhase</string>
			<key>runOnlyForDeploymentPostprocessing</key>
			<string>0</string>
		</dict>
		<key>C35B1F641CCF5A4800032582</key>
		<dict>
			<key>buildActionMask</key>
			<string>2147483647</string>
			<key>files</key>
			<array>
				<string>33F7863DA89F529A2CB47A34</string>
			</array>
			<key>isa</key>
			<string>PBXFrameworksBuildPhase</string>
			<key>runOnlyForDeploymentPostprocessing</key>
			<string>0</string>
		</dict>
		<key>C35B1F651CCF5A4800032582</key>
		<dict>
			<key>buildActionMask</key>
			<string>2147483647</string>
			<key>files</key>
			<array>
				<string>C34FEB531D115FE1006E6A51</string>
				<string>C34FEB551D115FE1006E6A51</string>
				<string>C3E27FED1D38E90B004C4D15</string>
				<string>C35B1F771CCF5A4800032582</string>
				<string>C34FEB571D115FE1006E6A51</string>
				<string>C3664DE71D33965B00D29182</string>
				<string>C34FEB871D13E087006E6A51</string>
				<string>C34FEB4F1D115FE1006E6A51</string>
				<string>C34FEB501D115FE1006E6A51</string>
				<string>C301DF671D4F27C600408501</string>
				<string>C34FEB511D115FE1006E6A51</string>
				<string>C34FEB561D115FE1006E6A51</string>
				<string>C301DF631D4F273A00408501</string>
				<string>C35B1F751CCF5A4800032582</string>
				<string>C34FEB541D115FE1006E6A51</string>
				<string>C34FEB251D1129C6006E6A51</string>
				<string>C301DF621D4F273A00408501</string>
				<string>C34FEB4E1D115FE1006E6A51</string>
				<string>C301DF681D4F27C600408501</string>
				<string>C34FEB231D10FDFE006E6A51</string>
				<string>C34FEB521D115FE1006E6A51</string>
				<string>C301DF641D4F273A00408501</string>
				<string>C301DF391D4B46DD00408501</string>
			</array>
			<key>isa</key>
			<string>PBXResourcesBuildPhase</string>
			<key>runOnlyForDeploymentPostprocessing</key>
			<string>0</string>
		</dict>
		<key>C35B1F661CCF5A4800032582</key>
		<dict>
			<key>buildConfigurationList</key>
			<string>C35B1F7E1CCF5A4800032582</string>
			<key>buildPhases</key>
			<array>
				<string>E0F02641CC9B31216547ECD4</string>
				<string>B6FA12FD318ED820F9D5D1BE</string>
				<string>C35B1F631CCF5A4800032582</string>
				<string>C35B1F641CCF5A4800032582</string>
				<string>C35B1F651CCF5A4800032582</string>
				<string>58E8315F5D7A2A1F43435FD3</string>
				<string>9D88C848F619245AFE514250</string>
				<string>CDCFC47E244D0D0962698397</string>
				<string>6308B9A76C7CC434D1AA8EFF</string>
			</array>
			<key>buildRules</key>
			<array/>
			<key>dependencies</key>
			<array/>
			<key>isa</key>
			<string>PBXNativeTarget</string>
			<key>name</key>
			<string>YLExperimentForOC</string>
			<key>productName</key>
			<string>YLExperimentForOC</string>
			<key>productReference</key>
			<string>C35B1F671CCF5A4800032582</string>
			<key>productType</key>
			<string>com.apple.product-type.application</string>
		</dict>
		<key>C35B1F671CCF5A4800032582</key>
		<dict>
			<key>explicitFileType</key>
			<string>wrapper.application</string>
			<key>includeInIndex</key>
			<string>0</string>
			<key>isa</key>
			<string>PBXFileReference</string>
			<key>path</key>
			<string>YLExperimentForOC.app</string>
			<key>sourceTree</key>
			<string>BUILT_PRODUCTS_DIR</string>
		</dict>
		<key>C35B1F681CCF5A4800032582</key>
		<dict>
			<key>children</key>
			<array>
				<string>C35B1F671CCF5A4800032582</string>
			</array>
			<key>isa</key>
			<string>PBXGroup</string>
			<key>name</key>
			<string>Products</string>
			<key>sourceTree</key>
			<string>&lt;group&gt;</string>
		</dict>
		<key>C35B1F691CCF5A4800032582</key>
		<dict>
			<key>children</key>
			<array>
				<string>C35B1F851CCF6B9400032582</string>
				<string>C3664DF01D36202000D29182</string>
				<string>C319E35D1D3F28F500286755</string>
				<string>C3A80C7F1CFED7D10031EA89</string>
				<string>C3514AE81CD30D3C002F997C</string>
				<string>C38E3AED1CD9860B00A70DD3</string>
				<string>C367364A1CE31AFE00F7E54F</string>
				<string>C35B1F861CCF6BAF00032582</string>
				<string>C35B1F6A1CCF5A4800032582</string>
				<string>C35CC6D11CF42C1F008B9EC2</string>
				<string>C3DE87541D026AE20051E255</string>
				<string>C3664DDC1D30DB7200D29182</string>
				<string>C34FEB431D115FE1006E6A51</string>
				<string>C39ED14D1D66E87100C57AA4</string>
			</array>
			<key>isa</key>
			<string>PBXGroup</string>
			<key>path</key>
			<string>YLExperimentForOC</string>
			<key>sourceTree</key>
			<string>&lt;group&gt;</string>
		</dict>
		<key>C35B1F6A1CCF5A4800032582</key>
		<dict>
			<key>children</key>
			<array>
				<string>C35B1F6B1CCF5A4800032582</string>
			</array>
			<key>isa</key>
			<string>PBXGroup</string>
			<key>name</key>
			<string>Supporting Files</string>
			<key>sourceTree</key>
			<string>&lt;group&gt;</string>
		</dict>
		<key>C35B1F6B1CCF5A4800032582</key>
		<dict>
			<key>isa</key>
			<string>PBXFileReference</string>
			<key>lastKnownFileType</key>
			<string>sourcecode.c.objc</string>
			<key>path</key>
			<string>main.m</string>
			<key>sourceTree</key>
			<string>&lt;group&gt;</string>
		</dict>
		<key>C35B1F6C1CCF5A4800032582</key>
		<dict>
			<key>fileRef</key>
			<string>C35B1F6B1CCF5A4800032582</string>
			<key>isa</key>
			<string>PBXBuildFile</string>
		</dict>
		<key>C35B1F6D1CCF5A4800032582</key>
		<dict>
			<key>isa</key>
			<string>PBXFileReference</string>
			<key>lastKnownFileType</key>
			<string>sourcecode.c.h</string>
			<key>path</key>
			<string>AppDelegate.h</string>
			<key>sourceTree</key>
			<string>&lt;group&gt;</string>
		</dict>
		<key>C35B1F6E1CCF5A4800032582</key>
		<dict>
			<key>isa</key>
			<string>PBXFileReference</string>
			<key>lastKnownFileType</key>
			<string>sourcecode.c.objc</string>
			<key>path</key>
			<string>AppDelegate.m</string>
			<key>sourceTree</key>
			<string>&lt;group&gt;</string>
		</dict>
		<key>C35B1F6F1CCF5A4800032582</key>
		<dict>
			<key>fileRef</key>
			<string>C35B1F6E1CCF5A4800032582</string>
			<key>isa</key>
			<string>PBXBuildFile</string>
		</dict>
		<key>C35B1F701CCF5A4800032582</key>
		<dict>
			<key>isa</key>
			<string>PBXFileReference</string>
			<key>lastKnownFileType</key>
			<string>sourcecode.c.h</string>
			<key>path</key>
			<string>ViewController.h</string>
			<key>sourceTree</key>
			<string>&lt;group&gt;</string>
		</dict>
		<key>C35B1F711CCF5A4800032582</key>
		<dict>
			<key>isa</key>
			<string>PBXFileReference</string>
			<key>lastKnownFileType</key>
			<string>sourcecode.c.objc</string>
			<key>path</key>
			<string>ViewController.m</string>
			<key>sourceTree</key>
			<string>&lt;group&gt;</string>
		</dict>
		<key>C35B1F721CCF5A4800032582</key>
		<dict>
			<key>fileRef</key>
			<string>C35B1F711CCF5A4800032582</string>
			<key>isa</key>
			<string>PBXBuildFile</string>
		</dict>
		<key>C35B1F731CCF5A4800032582</key>
		<dict>
			<key>children</key>
			<array>
				<string>C35B1F741CCF5A4800032582</string>
			</array>
			<key>isa</key>
			<string>PBXVariantGroup</string>
			<key>name</key>
			<string>Main.storyboard</string>
			<key>sourceTree</key>
			<string>&lt;group&gt;</string>
		</dict>
		<key>C35B1F741CCF5A4800032582</key>
		<dict>
			<key>isa</key>
			<string>PBXFileReference</string>
			<key>lastKnownFileType</key>
			<string>file.storyboard</string>
			<key>name</key>
			<string>Base</string>
			<key>path</key>
			<string>Base.lproj/Main.storyboard</string>
			<key>sourceTree</key>
			<string>&lt;group&gt;</string>
		</dict>
		<key>C35B1F751CCF5A4800032582</key>
		<dict>
			<key>fileRef</key>
			<string>C35B1F731CCF5A4800032582</string>
			<key>isa</key>
			<string>PBXBuildFile</string>
		</dict>
		<key>C35B1F761CCF5A4800032582</key>
		<dict>
			<key>isa</key>
			<string>PBXFileReference</string>
			<key>lastKnownFileType</key>
			<string>folder.assetcatalog</string>
			<key>path</key>
			<string>Assets.xcassets</string>
			<key>sourceTree</key>
			<string>&lt;group&gt;</string>
		</dict>
		<key>C35B1F771CCF5A4800032582</key>
		<dict>
			<key>fileRef</key>
			<string>C35B1F761CCF5A4800032582</string>
			<key>isa</key>
			<string>PBXBuildFile</string>
		</dict>
		<key>C35B1F7B1CCF5A4800032582</key>
		<dict>
			<key>isa</key>
			<string>PBXFileReference</string>
			<key>lastKnownFileType</key>
			<string>text.plist.xml</string>
			<key>path</key>
			<string>Info.plist</string>
			<key>sourceTree</key>
			<string>&lt;group&gt;</string>
		</dict>
		<key>C35B1F7C1CCF5A4800032582</key>
		<dict>
			<key>buildSettings</key>
			<dict>
				<key>ALWAYS_SEARCH_USER_PATHS</key>
				<string>NO</string>
				<key>CLANG_CXX_LANGUAGE_STANDARD</key>
				<string>gnu++0x</string>
				<key>CLANG_CXX_LIBRARY</key>
				<string>libc++</string>
				<key>CLANG_ENABLE_MODULES</key>
				<string>YES</string>
				<key>CLANG_ENABLE_OBJC_ARC</key>
				<string>YES</string>
				<key>CLANG_WARN_BOOL_CONVERSION</key>
				<string>YES</string>
				<key>CLANG_WARN_CONSTANT_CONVERSION</key>
				<string>YES</string>
				<key>CLANG_WARN_DIRECT_OBJC_ISA_USAGE</key>
				<string>YES_ERROR</string>
				<key>CLANG_WARN_EMPTY_BODY</key>
				<string>YES</string>
				<key>CLANG_WARN_ENUM_CONVERSION</key>
				<string>YES</string>
				<key>CLANG_WARN_INT_CONVERSION</key>
				<string>YES</string>
				<key>CLANG_WARN_OBJC_ROOT_CLASS</key>
				<string>YES_ERROR</string>
				<key>CLANG_WARN_UNREACHABLE_CODE</key>
				<string>YES</string>
				<key>CLANG_WARN__DUPLICATE_METHOD_MATCH</key>
				<string>YES</string>
				<key>CODE_SIGN_IDENTITY[sdk=iphoneos*]</key>
				<string>iPhone Developer</string>
				<key>COPY_PHASE_STRIP</key>
				<string>NO</string>
				<key>DEBUG_INFORMATION_FORMAT</key>
				<string>dwarf</string>
				<key>ENABLE_STRICT_OBJC_MSGSEND</key>
				<string>YES</string>
				<key>ENABLE_TESTABILITY</key>
				<string>YES</string>
				<key>GCC_C_LANGUAGE_STANDARD</key>
				<string>gnu99</string>
				<key>GCC_DYNAMIC_NO_PIC</key>
				<string>NO</string>
				<key>GCC_NO_COMMON_BLOCKS</key>
				<string>YES</string>
				<key>GCC_OPTIMIZATION_LEVEL</key>
				<string>0</string>
				<key>GCC_PREPROCESSOR_DEFINITIONS</key>
				<array>
					<string>DEBUG=1</string>
					<string>$(inherited)</string>
				</array>
				<key>GCC_WARN_64_TO_32_BIT_CONVERSION</key>
				<string>YES</string>
				<key>GCC_WARN_ABOUT_RETURN_TYPE</key>
				<string>YES_ERROR</string>
				<key>GCC_WARN_UNDECLARED_SELECTOR</key>
				<string>YES</string>
				<key>GCC_WARN_UNINITIALIZED_AUTOS</key>
				<string>YES_AGGRESSIVE</string>
				<key>GCC_WARN_UNUSED_FUNCTION</key>
				<string>YES</string>
				<key>GCC_WARN_UNUSED_VARIABLE</key>
				<string>YES</string>
				<key>IPHONEOS_DEPLOYMENT_TARGET</key>
				<string>7.0</string>
				<key>MTL_ENABLE_DEBUG_INFO</key>
				<string>YES</string>
				<key>ONLY_ACTIVE_ARCH</key>
				<string>YES</string>
				<key>SDKROOT</key>
				<string>iphoneos</string>
				<key>TARGETED_DEVICE_FAMILY</key>
				<string>1,2</string>
			</dict>
			<key>isa</key>
			<string>XCBuildConfiguration</string>
			<key>name</key>
			<string>Debug</string>
		</dict>
		<key>C35B1F7D1CCF5A4800032582</key>
		<dict>
			<key>buildSettings</key>
			<dict>
				<key>ALWAYS_SEARCH_USER_PATHS</key>
				<string>NO</string>
				<key>CLANG_CXX_LANGUAGE_STANDARD</key>
				<string>gnu++0x</string>
				<key>CLANG_CXX_LIBRARY</key>
				<string>libc++</string>
				<key>CLANG_ENABLE_MODULES</key>
				<string>YES</string>
				<key>CLANG_ENABLE_OBJC_ARC</key>
				<string>YES</string>
				<key>CLANG_WARN_BOOL_CONVERSION</key>
				<string>YES</string>
				<key>CLANG_WARN_CONSTANT_CONVERSION</key>
				<string>YES</string>
				<key>CLANG_WARN_DIRECT_OBJC_ISA_USAGE</key>
				<string>YES_ERROR</string>
				<key>CLANG_WARN_EMPTY_BODY</key>
				<string>YES</string>
				<key>CLANG_WARN_ENUM_CONVERSION</key>
				<string>YES</string>
				<key>CLANG_WARN_INT_CONVERSION</key>
				<string>YES</string>
				<key>CLANG_WARN_OBJC_ROOT_CLASS</key>
				<string>YES_ERROR</string>
				<key>CLANG_WARN_UNREACHABLE_CODE</key>
				<string>YES</string>
				<key>CLANG_WARN__DUPLICATE_METHOD_MATCH</key>
				<string>YES</string>
				<key>CODE_SIGN_IDENTITY[sdk=iphoneos*]</key>
				<string>iPhone Developer</string>
				<key>COPY_PHASE_STRIP</key>
				<string>NO</string>
				<key>DEBUG_INFORMATION_FORMAT</key>
				<string>dwarf-with-dsym</string>
				<key>ENABLE_NS_ASSERTIONS</key>
				<string>NO</string>
				<key>ENABLE_STRICT_OBJC_MSGSEND</key>
				<string>YES</string>
				<key>GCC_C_LANGUAGE_STANDARD</key>
				<string>gnu99</string>
				<key>GCC_NO_COMMON_BLOCKS</key>
				<string>YES</string>
				<key>GCC_WARN_64_TO_32_BIT_CONVERSION</key>
				<string>YES</string>
				<key>GCC_WARN_ABOUT_RETURN_TYPE</key>
				<string>YES_ERROR</string>
				<key>GCC_WARN_UNDECLARED_SELECTOR</key>
				<string>YES</string>
				<key>GCC_WARN_UNINITIALIZED_AUTOS</key>
				<string>YES_AGGRESSIVE</string>
				<key>GCC_WARN_UNUSED_FUNCTION</key>
				<string>YES</string>
				<key>GCC_WARN_UNUSED_VARIABLE</key>
				<string>YES</string>
				<key>IPHONEOS_DEPLOYMENT_TARGET</key>
				<string>7.0</string>
				<key>MTL_ENABLE_DEBUG_INFO</key>
				<string>NO</string>
				<key>SDKROOT</key>
				<string>iphoneos</string>
				<key>TARGETED_DEVICE_FAMILY</key>
				<string>1,2</string>
				<key>VALIDATE_PRODUCT</key>
				<string>YES</string>
			</dict>
			<key>isa</key>
			<string>XCBuildConfiguration</string>
			<key>name</key>
			<string>Release</string>
		</dict>
		<key>C35B1F7E1CCF5A4800032582</key>
		<dict>
			<key>buildConfigurations</key>
			<array>
				<string>C35B1F7F1CCF5A4800032582</string>
				<string>C35B1F801CCF5A4800032582</string>
			</array>
			<key>defaultConfigurationIsVisible</key>
			<string>0</string>
			<key>defaultConfigurationName</key>
			<string>Release</string>
			<key>isa</key>
			<string>XCConfigurationList</string>
		</dict>
		<key>C35B1F7F1CCF5A4800032582</key>
		<dict>
			<key>baseConfigurationReference</key>
			<string>06BF23971DD60662A4430E30</string>
			<key>buildSettings</key>
			<dict>
				<key>ASSETCATALOG_COMPILER_APPICON_NAME</key>
				<string>AppIcon</string>
				<key>GCC_PRECOMPILE_PREFIX_HEADER</key>
				<string>NO</string>
				<key>INFOPLIST_FILE</key>
				<string>YLExperimentForOC/Info.plist</string>
				<key>IPHONEOS_DEPLOYMENT_TARGET</key>
				<string>7.0</string>
				<key>LD_RUNPATH_SEARCH_PATHS</key>
				<string>$(inherited) @executable_path/Frameworks</string>
				<key>LIBRARY_SEARCH_PATHS</key>
				<array>
					<string>$(inherited)</string>
					<string>"$PODS_CONFIGURATION_BUILD_DIR/Masonry"</string>
				</array>
				<key>PRODUCT_BUNDLE_IDENTIFIER</key>
				<string>db.YLExperimentForOC</string>
				<key>PRODUCT_NAME</key>
				<string>$(TARGET_NAME)</string>
			</dict>
			<key>isa</key>
			<string>XCBuildConfiguration</string>
			<key>name</key>
			<string>Debug</string>
		</dict>
		<key>C35B1F801CCF5A4800032582</key>
		<dict>
			<key>baseConfigurationReference</key>
			<string>778D26B954310062603BA11A</string>
			<key>buildSettings</key>
			<dict>
				<key>ASSETCATALOG_COMPILER_APPICON_NAME</key>
				<string>AppIcon</string>
				<key>GCC_PRECOMPILE_PREFIX_HEADER</key>
				<string>NO</string>
				<key>INFOPLIST_FILE</key>
				<string>YLExperimentForOC/Info.plist</string>
				<key>IPHONEOS_DEPLOYMENT_TARGET</key>
				<string>7.0</string>
				<key>LD_RUNPATH_SEARCH_PATHS</key>
				<string>$(inherited) @executable_path/Frameworks</string>
				<key>PRODUCT_BUNDLE_IDENTIFIER</key>
				<string>db.YLExperimentForOC</string>
				<key>PRODUCT_NAME</key>
				<string>$(TARGET_NAME)</string>
			</dict>
			<key>isa</key>
			<string>XCBuildConfiguration</string>
			<key>name</key>
			<string>Release</string>
		</dict>
		<key>C35B1F851CCF6B9400032582</key>
		<dict>
			<key>children</key>
			<array>
				<string>C35B1F6D1CCF5A4800032582</string>
				<string>C35B1F6E1CCF5A4800032582</string>
				<string>C35B1F701CCF5A4800032582</string>
				<string>C35B1F711CCF5A4800032582</string>
				<string>C35B1F731CCF5A4800032582</string>
				<string>C35B1F761CCF5A4800032582</string>
				<string>C35B1F7B1CCF5A4800032582</string>
			</array>
			<key>isa</key>
			<string>PBXGroup</string>
			<key>name</key>
			<string>&#21021;&#22987;&#25991;&#20214;</string>
			<key>sourceTree</key>
			<string>&lt;group&gt;</string>
		</dict>
		<key>C35B1F861CCF6BAF00032582</key>
		<dict>
			<key>children</key>
			<array>
				<string>C35B1F871CCF735800032582</string>
				<string>C35B1F881CCF735800032582</string>
			</array>
			<key>isa</key>
			<string>PBXGroup</string>
			<key>name</key>
			<string>QRCode &#20108;&#32500;&#30721;</string>
			<key>sourceTree</key>
			<string>&lt;group&gt;</string>
		</dict>
		<key>C35B1F871CCF735800032582</key>
		<dict>
			<key>fileEncoding</key>
			<string>4</string>
			<key>isa</key>
			<string>PBXFileReference</string>
			<key>lastKnownFileType</key>
			<string>sourcecode.c.h</string>
			<key>path</key>
			<string>QREncoding.h</string>
			<key>sourceTree</key>
			<string>&lt;group&gt;</string>
		</dict>
		<key>C35B1F881CCF735800032582</key>
		<dict>
			<key>fileEncoding</key>
			<string>4</string>
			<key>isa</key>
			<string>PBXFileReference</string>
			<key>lastKnownFileType</key>
			<string>sourcecode.c.objc</string>
			<key>path</key>
			<string>QREncoding.m</string>
			<key>sourceTree</key>
			<string>&lt;group&gt;</string>
		</dict>
		<key>C35B1F891CCF735800032582</key>
		<dict>
			<key>fileRef</key>
			<string>C35B1F881CCF735800032582</string>
			<key>isa</key>
			<string>PBXBuildFile</string>
		</dict>
		<key>C35CC6D11CF42C1F008B9EC2</key>
		<dict>
			<key>children</key>
			<array>
				<string>C35CC6D21CF42C95008B9EC2</string>
				<string>C35CC6D31CF42C95008B9EC2</string>
				<string>C35CC6D51CF42D5F008B9EC2</string>
				<string>C35CC6D61CF42D5F008B9EC2</string>
				<string>C35CC6D81CF42DC3008B9EC2</string>
				<string>C35CC6D91CF42DC3008B9EC2</string>
				<string>C35EA0A11CF6E11D00B4356F</string>
				<string>C35EA0A21CF6E11D00B4356F</string>
			</array>
			<key>isa</key>
			<string>PBXGroup</string>
			<key>name</key>
			<string>TimeZoneTableView</string>
			<key>sourceTree</key>
			<string>&lt;group&gt;</string>
		</dict>
		<key>C35CC6D21CF42C95008B9EC2</key>
		<dict>
			<key>fileEncoding</key>
			<string>4</string>
			<key>isa</key>
			<string>PBXFileReference</string>
			<key>lastKnownFileType</key>
			<string>sourcecode.c.h</string>
			<key>path</key>
			<string>KCContact.h</string>
			<key>sourceTree</key>
			<string>&lt;group&gt;</string>
		</dict>
		<key>C35CC6D31CF42C95008B9EC2</key>
		<dict>
			<key>fileEncoding</key>
			<string>4</string>
			<key>isa</key>
			<string>PBXFileReference</string>
			<key>lastKnownFileType</key>
			<string>sourcecode.c.objc</string>
			<key>path</key>
			<string>KCContact.m</string>
			<key>sourceTree</key>
			<string>&lt;group&gt;</string>
		</dict>
		<key>C35CC6D41CF42C95008B9EC2</key>
		<dict>
			<key>fileRef</key>
			<string>C35CC6D31CF42C95008B9EC2</string>
			<key>isa</key>
			<string>PBXBuildFile</string>
		</dict>
		<key>C35CC6D51CF42D5F008B9EC2</key>
		<dict>
			<key>fileEncoding</key>
			<string>4</string>
			<key>isa</key>
			<string>PBXFileReference</string>
			<key>lastKnownFileType</key>
			<string>sourcecode.c.h</string>
			<key>path</key>
			<string>KCContactGroup.h</string>
			<key>sourceTree</key>
			<string>&lt;group&gt;</string>
		</dict>
		<key>C35CC6D61CF42D5F008B9EC2</key>
		<dict>
			<key>fileEncoding</key>
			<string>4</string>
			<key>isa</key>
			<string>PBXFileReference</string>
			<key>lastKnownFileType</key>
			<string>sourcecode.c.objc</string>
			<key>path</key>
			<string>KCContactGroup.m</string>
			<key>sourceTree</key>
			<string>&lt;group&gt;</string>
		</dict>
		<key>C35CC6D71CF42D5F008B9EC2</key>
		<dict>
			<key>fileRef</key>
			<string>C35CC6D61CF42D5F008B9EC2</string>
			<key>isa</key>
			<string>PBXBuildFile</string>
		</dict>
		<key>C35CC6D81CF42DC3008B9EC2</key>
		<dict>
			<key>fileEncoding</key>
			<string>4</string>
			<key>isa</key>
			<string>PBXFileReference</string>
			<key>lastKnownFileType</key>
			<string>sourcecode.c.h</string>
			<key>path</key>
			<string>KCMainViewController.h</string>
			<key>sourceTree</key>
			<string>&lt;group&gt;</string>
		</dict>
		<key>C35CC6D91CF42DC3008B9EC2</key>
		<dict>
			<key>fileEncoding</key>
			<string>4</string>
			<key>isa</key>
			<string>PBXFileReference</string>
			<key>lastKnownFileType</key>
			<string>sourcecode.c.objc</string>
			<key>path</key>
			<string>KCMainViewController.m</string>
			<key>sourceTree</key>
			<string>&lt;group&gt;</string>
		</dict>
		<key>C35CC6DA1CF42DC3008B9EC2</key>
		<dict>
			<key>fileRef</key>
			<string>C35CC6D91CF42DC3008B9EC2</string>
			<key>isa</key>
			<string>PBXBuildFile</string>
		</dict>
		<key>C35EA0A11CF6E11D00B4356F</key>
		<dict>
			<key>fileEncoding</key>
			<string>4</string>
			<key>isa</key>
			<string>PBXFileReference</string>
			<key>lastKnownFileType</key>
			<string>sourcecode.c.h</string>
			<key>path</key>
			<string>KCContactTableViewController.h</string>
			<key>sourceTree</key>
			<string>&lt;group&gt;</string>
		</dict>
		<key>C35EA0A21CF6E11D00B4356F</key>
		<dict>
			<key>fileEncoding</key>
			<string>4</string>
			<key>isa</key>
			<string>PBXFileReference</string>
			<key>lastKnownFileType</key>
			<string>sourcecode.c.objc</string>
			<key>path</key>
			<string>KCContactTableViewController.m</string>
			<key>sourceTree</key>
			<string>&lt;group&gt;</string>
		</dict>
		<key>C35EA0A31CF6E11D00B4356F</key>
		<dict>
			<key>fileRef</key>
			<string>C35EA0A21CF6E11D00B4356F</string>
			<key>isa</key>
			<string>PBXBuildFile</string>
		</dict>
		<key>C36355301D65BE8600435998</key>
		<dict>
			<key>children</key>
			<array>
				<string>C39ED14A1D65C16600C57AA4</string>
				<string>C39ED14B1D65C16600C57AA4</string>
			</array>
			<key>isa</key>
			<string>PBXGroup</string>
			<key>name</key>
			<string>UIScollViewOneFCOM</string>
			<key>sourceTree</key>
			<string>&lt;group&gt;</string>
		</dict>
		<key>C3664DDC1D30DB7200D29182</key>
		<dict>
			<key>children</key>
			<array>
				<string>C3664DDD1D30DC0200D29182</string>
				<string>C3664DDE1D30DC0200D29182</string>
				<string>C3664DE01D33418200D29182</string>
				<string>C3664DE11D33418200D29182</string>
				<string>C3664DE31D33959A00D29182</string>
				<string>C3664DE41D33959A00D29182</string>
				<string>C3664DE61D33965B00D29182</string>
			</array>
			<key>isa</key>
			<string>PBXGroup</string>
			<key>name</key>
			<string>UIScrollView</string>
			<key>sourceTree</key>
			<string>&lt;group&gt;</string>
		</dict>
		<key>C3664DDD1D30DC0200D29182</key>
		<dict>
			<key>fileEncoding</key>
			<string>4</string>
			<key>isa</key>
			<string>PBXFileReference</string>
			<key>lastKnownFileType</key>
			<string>sourcecode.c.h</string>
			<key>path</key>
			<string>ScrollViewControllerOne.h</string>
			<key>sourceTree</key>
			<string>&lt;group&gt;</string>
		</dict>
		<key>C3664DDE1D30DC0200D29182</key>
		<dict>
			<key>fileEncoding</key>
			<string>4</string>
			<key>isa</key>
			<string>PBXFileReference</string>
			<key>lastKnownFileType</key>
			<string>sourcecode.c.objc</string>
			<key>path</key>
			<string>ScrollViewControllerOne.m</string>
			<key>sourceTree</key>
			<string>&lt;group&gt;</string>
		</dict>
		<key>C3664DDF1D30DC0200D29182</key>
		<dict>
			<key>fileRef</key>
			<string>C3664DDE1D30DC0200D29182</string>
			<key>isa</key>
			<string>PBXBuildFile</string>
		</dict>
		<key>C3664DE01D33418200D29182</key>
		<dict>
			<key>fileEncoding</key>
			<string>4</string>
			<key>isa</key>
			<string>PBXFileReference</string>
			<key>lastKnownFileType</key>
			<string>sourcecode.c.h</string>
			<key>path</key>
			<string>ScrollViewControllerTwo.h</string>
			<key>sourceTree</key>
			<string>&lt;group&gt;</string>
		</dict>
		<key>C3664DE11D33418200D29182</key>
		<dict>
			<key>fileEncoding</key>
			<string>4</string>
			<key>isa</key>
			<string>PBXFileReference</string>
			<key>lastKnownFileType</key>
			<string>sourcecode.c.objc</string>
			<key>path</key>
			<string>ScrollViewControllerTwo.m</string>
			<key>sourceTree</key>
			<string>&lt;group&gt;</string>
		</dict>
		<key>C3664DE21D33418200D29182</key>
		<dict>
			<key>fileRef</key>
			<string>C3664DE11D33418200D29182</string>
			<key>isa</key>
			<string>PBXBuildFile</string>
		</dict>
		<key>C3664DE31D33959A00D29182</key>
		<dict>
			<key>fileEncoding</key>
			<string>4</string>
			<key>isa</key>
			<string>PBXFileReference</string>
			<key>lastKnownFileType</key>
			<string>sourcecode.c.h</string>
			<key>path</key>
			<string>ScrollViewControllerThree.h</string>
			<key>sourceTree</key>
			<string>&lt;group&gt;</string>
		</dict>
		<key>C3664DE41D33959A00D29182</key>
		<dict>
			<key>fileEncoding</key>
			<string>4</string>
			<key>isa</key>
			<string>PBXFileReference</string>
			<key>lastKnownFileType</key>
			<string>sourcecode.c.objc</string>
			<key>path</key>
			<string>ScrollViewControllerThree.m</string>
			<key>sourceTree</key>
			<string>&lt;group&gt;</string>
		</dict>
		<key>C3664DE51D33959A00D29182</key>
		<dict>
			<key>fileRef</key>
			<string>C3664DE41D33959A00D29182</string>
			<key>isa</key>
			<string>PBXBuildFile</string>
		</dict>
		<key>C3664DE61D33965B00D29182</key>
		<dict>
			<key>fileEncoding</key>
			<string>4</string>
			<key>isa</key>
			<string>PBXFileReference</string>
			<key>lastKnownFileType</key>
			<string>text.plist.xml</string>
			<key>path</key>
			<string>imageInfo.plist</string>
			<key>sourceTree</key>
			<string>&lt;group&gt;</string>
		</dict>
		<key>C3664DE71D33965B00D29182</key>
		<dict>
			<key>fileRef</key>
			<string>C3664DE61D33965B00D29182</string>
			<key>isa</key>
			<string>PBXBuildFile</string>
		</dict>
		<key>C3664DE81D349FDE00D29182</key>
		<dict>
			<key>children</key>
			<array>
				<string>C3664DEA1D34A06700D29182</string>
				<string>C3664DEB1D34A06700D29182</string>
			</array>
			<key>isa</key>
			<string>PBXGroup</string>
			<key>name</key>
			<string>&#21152;&#20943;&#35838;&#31243; - FCOM</string>
			<key>sourceTree</key>
			<string>&lt;group&gt;</string>
		</dict>
		<key>C3664DEA1D34A06700D29182</key>
		<dict>
			<key>fileEncoding</key>
			<string>4</string>
			<key>isa</key>
			<string>PBXFileReference</string>
			<key>lastKnownFileType</key>
			<string>sourcecode.c.h</string>
			<key>path</key>
			<string>AdjustClassNumController.h</string>
			<key>sourceTree</key>
			<string>&lt;group&gt;</string>
		</dict>
		<key>C3664DEB1D34A06700D29182</key>
		<dict>
			<key>fileEncoding</key>
			<string>4</string>
			<key>isa</key>
			<string>PBXFileReference</string>
			<key>lastKnownFileType</key>
			<string>sourcecode.c.objc</string>
			<key>path</key>
			<string>AdjustClassNumController.m</string>
			<key>sourceTree</key>
			<string>&lt;group&gt;</string>
		</dict>
		<key>C3664DEC1D34A06700D29182</key>
		<dict>
			<key>fileRef</key>
			<string>C3664DEB1D34A06700D29182</string>
			<key>isa</key>
			<string>PBXBuildFile</string>
		</dict>
		<key>C3664DF01D36202000D29182</key>
		<dict>
			<key>children</key>
			<array>
				<string>C3664DF11D3620B700D29182</string>
				<string>C301DF231D49A1C900408501</string>
			</array>
			<key>isa</key>
			<string>PBXGroup</string>
			<key>name</key>
			<string>&#20195;&#30721;&#35268;&#33539;</string>
			<key>sourceTree</key>
			<string>&lt;group&gt;</string>
		</dict>
		<key>C3664DF11D3620B700D29182</key>
		<dict>
			<key>isa</key>
			<string>PBXFileReference</string>
			<key>lastKnownFileType</key>
			<string>sourcecode.c.h</string>
			<key>path</key>
			<string>CodingStandard.h</string>
			<key>sourceTree</key>
			<string>&lt;group&gt;</string>
		</dict>
		<key>C367364A1CE31AFE00F7E54F</key>
		<dict>
			<key>children</key>
			<array>
				<string>C367364B1CE31B1E00F7E54F</string>
				<string>C367364C1CE31B1E00F7E54F</string>
				<string>C335DEAA1D58D55D00CC7A26</string>
				<string>C335DEAB1D58D55D00CC7A26</string>
				<string>C37310831D5983EE00AF4C2C</string>
				<string>C37310841D5983EE00AF4C2C</string>
			</array>
			<key>isa</key>
			<string>PBXGroup</string>
			<key>name</key>
			<string>NSTimerExtention</string>
			<key>sourceTree</key>
			<string>&lt;group&gt;</string>
		</dict>
		<key>C367364B1CE31B1E00F7E54F</key>
		<dict>
			<key>fileEncoding</key>
			<string>4</string>
			<key>isa</key>
			<string>PBXFileReference</string>
			<key>lastKnownFileType</key>
			<string>sourcecode.c.h</string>
			<key>path</key>
			<string>NSTimer+BFEExtension.h</string>
			<key>sourceTree</key>
			<string>&lt;group&gt;</string>
		</dict>
		<key>C367364C1CE31B1E00F7E54F</key>
		<dict>
			<key>fileEncoding</key>
			<string>4</string>
			<key>isa</key>
			<string>PBXFileReference</string>
			<key>lastKnownFileType</key>
			<string>sourcecode.c.objc</string>
			<key>path</key>
			<string>NSTimer+BFEExtension.m</string>
			<key>sourceTree</key>
			<string>&lt;group&gt;</string>
		</dict>
		<key>C367364D1CE31B1E00F7E54F</key>
		<dict>
			<key>fileRef</key>
			<string>C367364C1CE31B1E00F7E54F</string>
			<key>isa</key>
			<string>PBXBuildFile</string>
		</dict>
		<key>C37310831D5983EE00AF4C2C</key>
		<dict>
			<key>fileEncoding</key>
			<string>4</string>
			<key>isa</key>
			<string>PBXFileReference</string>
			<key>lastKnownFileType</key>
			<string>sourcecode.c.h</string>
			<key>path</key>
			<string>NSTimer+Blocks.h</string>
			<key>sourceTree</key>
			<string>&lt;group&gt;</string>
		</dict>
		<key>C37310841D5983EE00AF4C2C</key>
		<dict>
			<key>fileEncoding</key>
			<string>4</string>
			<key>isa</key>
			<string>PBXFileReference</string>
			<key>lastKnownFileType</key>
			<string>sourcecode.c.objc</string>
			<key>path</key>
			<string>NSTimer+Blocks.m</string>
			<key>sourceTree</key>
			<string>&lt;group&gt;</string>
		</dict>
		<key>C37310851D5983EE00AF4C2C</key>
		<dict>
			<key>fileRef</key>
			<string>C37310841D5983EE00AF4C2C</string>
			<key>isa</key>
			<string>PBXBuildFile</string>
		</dict>
		<key>C38E3AED1CD9860B00A70DD3</key>
		<dict>
			<key>children</key>
			<array>
				<string>C38E3AEE1CD986B400A70DD3</string>
				<string>C38E3AEF1CD986B400A70DD3</string>
			</array>
			<key>isa</key>
			<string>PBXGroup</string>
			<key>name</key>
			<string>&#31639;&#27861;&#31867;</string>
			<key>sourceTree</key>
			<string>&lt;group&gt;</string>
		</dict>
		<key>C38E3AEE1CD986B400A70DD3</key>
		<dict>
			<key>fileEncoding</key>
			<string>4</string>
			<key>isa</key>
			<string>PBXFileReference</string>
			<key>lastKnownFileType</key>
			<string>sourcecode.c.h</string>
			<key>path</key>
			<string>Algorithm.h</string>
			<key>sourceTree</key>
			<string>&lt;group&gt;</string>
		</dict>
		<key>C38E3AEF1CD986B400A70DD3</key>
		<dict>
			<key>fileEncoding</key>
			<string>4</string>
			<key>isa</key>
			<string>PBXFileReference</string>
			<key>lastKnownFileType</key>
			<string>sourcecode.c.objc</string>
			<key>path</key>
			<string>Algorithm.m</string>
			<key>sourceTree</key>
			<string>&lt;group&gt;</string>
		</dict>
		<key>C38E3AF01CD986B400A70DD3</key>
		<dict>
			<key>fileRef</key>
			<string>C38E3AEF1CD986B400A70DD3</string>
			<key>isa</key>
			<string>PBXBuildFile</string>
		</dict>
		<key>C39ED14A1D65C16600C57AA4</key>
		<dict>
			<key>fileEncoding</key>
			<string>4</string>
			<key>isa</key>
			<string>PBXFileReference</string>
			<key>lastKnownFileType</key>
			<string>sourcecode.c.h</string>
			<key>path</key>
			<string>ScrollViewControllerOneFCOM.h</string>
			<key>sourceTree</key>
			<string>&lt;group&gt;</string>
		</dict>
		<key>C39ED14B1D65C16600C57AA4</key>
		<dict>
			<key>fileEncoding</key>
			<string>4</string>
			<key>isa</key>
			<string>PBXFileReference</string>
			<key>lastKnownFileType</key>
			<string>sourcecode.c.objc</string>
			<key>path</key>
			<string>ScrollViewControllerOneFCOM.m</string>
			<key>sourceTree</key>
			<string>&lt;group&gt;</string>
		</dict>
		<key>C39ED14C1D65C16600C57AA4</key>
		<dict>
			<key>fileRef</key>
			<string>C39ED14B1D65C16600C57AA4</string>
			<key>isa</key>
			<string>PBXBuildFile</string>
		</dict>
		<key>C39ED14D1D66E87100C57AA4</key>
		<dict>
			<key>children</key>
			<array>
				<string>C39ED1541D66E9A700C57AA4</string>
				<string>C39ED1511D66E96F00C57AA4</string>
				<string>C39ED1521D66E96F00C57AA4</string>
				<string>C39ED14E1D66E90200C57AA4</string>
				<string>C39ED14F1D66E90200C57AA4</string>
				<string>C39ED15B1D670D7F00C57AA4</string>
				<string>C39ED15C1D670D7F00C57AA4</string>
				<string>C39ED15E1D6807F100C57AA4</string>
				<string>C39ED15F1D6807F100C57AA4</string>
				<string>C39ED1611D680BF500C57AA4</string>
				<string>C39ED1621D680BF500C57AA4</string>
				<string>C316FE071D6840E100EB3560</string>
				<string>C316FE081D6840E100EB3560</string>
			</array>
			<key>isa</key>
			<string>PBXGroup</string>
			<key>name</key>
			<string>Masonry</string>
			<key>sourceTree</key>
			<string>&lt;group&gt;</string>
		</dict>
		<key>C39ED14E1D66E90200C57AA4</key>
		<dict>
			<key>fileEncoding</key>
			<string>4</string>
			<key>isa</key>
			<string>PBXFileReference</string>
			<key>lastKnownFileType</key>
			<string>sourcecode.c.h</string>
			<key>path</key>
			<string>AYTableViewCell.h</string>
			<key>sourceTree</key>
			<string>&lt;group&gt;</string>
		</dict>
		<key>C39ED14F1D66E90200C57AA4</key>
		<dict>
			<key>fileEncoding</key>
			<string>4</string>
			<key>isa</key>
			<string>PBXFileReference</string>
			<key>lastKnownFileType</key>
			<string>sourcecode.c.objc</string>
			<key>path</key>
			<string>AYTableViewCell.m</string>
			<key>sourceTree</key>
			<string>&lt;group&gt;</string>
		</dict>
		<key>C39ED1501D66E90200C57AA4</key>
		<dict>
			<key>fileRef</key>
			<string>C39ED14F1D66E90200C57AA4</string>
			<key>isa</key>
			<string>PBXBuildFile</string>
		</dict>
		<key>C39ED1511D66E96F00C57AA4</key>
		<dict>
			<key>fileEncoding</key>
			<string>4</string>
			<key>isa</key>
			<string>PBXFileReference</string>
			<key>lastKnownFileType</key>
			<string>sourcecode.c.h</string>
			<key>path</key>
			<string>MasonryOneViewController.h</string>
			<key>sourceTree</key>
			<string>&lt;group&gt;</string>
		</dict>
		<key>C39ED1521D66E96F00C57AA4</key>
		<dict>
			<key>fileEncoding</key>
			<string>4</string>
			<key>isa</key>
			<string>PBXFileReference</string>
			<key>lastKnownFileType</key>
			<string>sourcecode.c.objc</string>
			<key>path</key>
			<string>MasonryOneViewController.m</string>
			<key>sourceTree</key>
			<string>&lt;group&gt;</string>
		</dict>
		<key>C39ED1531D66E96F00C57AA4</key>
		<dict>
			<key>fileRef</key>
			<string>C39ED1521D66E96F00C57AA4</string>
			<key>isa</key>
			<string>PBXBuildFile</string>
		</dict>
		<key>C39ED1541D66E9A700C57AA4</key>
		<dict>
			<key>fileEncoding</key>
			<string>4</string>
			<key>isa</key>
			<string>PBXFileReference</string>
			<key>lastKnownFileType</key>
			<string>sourcecode.c.h</string>
			<key>path</key>
			<string>PrefixHeader.pch</string>
			<key>sourceTree</key>
			<string>&lt;group&gt;</string>
		</dict>
		<key>C39ED15B1D670D7F00C57AA4</key>
		<dict>
			<key>fileEncoding</key>
			<string>4</string>
			<key>isa</key>
			<string>PBXFileReference</string>
			<key>lastKnownFileType</key>
			<string>sourcecode.c.h</string>
			<key>path</key>
			<string>MasonryTwoViewController.h</string>
			<key>sourceTree</key>
			<string>&lt;group&gt;</string>
		</dict>
		<key>C39ED15C1D670D7F00C57AA4</key>
		<dict>
			<key>fileEncoding</key>
			<string>4</string>
			<key>isa</key>
			<string>PBXFileReference</string>
			<key>lastKnownFileType</key>
			<string>sourcecode.c.objc</string>
			<key>path</key>
			<string>MasonryTwoViewController.m</string>
			<key>sourceTree</key>
			<string>&lt;group&gt;</string>
		</dict>
		<key>C39ED15D1D670D7F00C57AA4</key>
		<dict>
			<key>fileRef</key>
			<string>C39ED15C1D670D7F00C57AA4</string>
			<key>isa</key>
			<string>PBXBuildFile</string>
		</dict>
		<key>C39ED15E1D6807F100C57AA4</key>
		<dict>
			<key>fileEncoding</key>
			<string>4</string>
			<key>isa</key>
			<string>PBXFileReference</string>
			<key>lastKnownFileType</key>
			<string>sourcecode.c.h</string>
			<key>path</key>
			<string>MasonryThreeViewController.h</string>
			<key>sourceTree</key>
			<string>&lt;group&gt;</string>
		</dict>
		<key>C39ED15F1D6807F100C57AA4</key>
		<dict>
			<key>fileEncoding</key>
			<string>4</string>
			<key>isa</key>
			<string>PBXFileReference</string>
			<key>lastKnownFileType</key>
			<string>sourcecode.c.objc</string>
			<key>path</key>
			<string>MasonryThreeViewController.m</string>
			<key>sourceTree</key>
			<string>&lt;group&gt;</string>
		</dict>
		<key>C39ED1601D6807F100C57AA4</key>
		<dict>
			<key>fileRef</key>
			<string>C39ED15F1D6807F100C57AA4</string>
			<key>isa</key>
			<string>PBXBuildFile</string>
		</dict>
		<key>C39ED1611D680BF500C57AA4</key>
		<dict>
			<key>fileEncoding</key>
			<string>4</string>
			<key>isa</key>
			<string>PBXFileReference</string>
			<key>lastKnownFileType</key>
			<string>sourcecode.c.h</string>
			<key>path</key>
			<string>MasonryFourViewController.h</string>
			<key>sourceTree</key>
			<string>&lt;group&gt;</string>
		</dict>
		<key>C39ED1621D680BF500C57AA4</key>
		<dict>
			<key>fileEncoding</key>
			<string>4</string>
			<key>isa</key>
			<string>PBXFileReference</string>
			<key>lastKnownFileType</key>
			<string>sourcecode.c.objc</string>
			<key>path</key>
			<string>MasonryFourViewController.m</string>
			<key>sourceTree</key>
			<string>&lt;group&gt;</string>
		</dict>
		<key>C39ED1631D680BF500C57AA4</key>
		<dict>
			<key>fileRef</key>
			<string>C39ED1621D680BF500C57AA4</string>
			<key>isa</key>
			<string>PBXBuildFile</string>
		</dict>
		<key>C3A80C7F1CFED7D10031EA89</key>
		<dict>
			<key>children</key>
			<array>
				<string>C3A80C801CFED8390031EA89</string>
				<string>C3A80C811CFED8390031EA89</string>
			</array>
			<key>isa</key>
			<string>PBXGroup</string>
			<key>name</key>
			<string>LocationTool</string>
			<key>sourceTree</key>
			<string>&lt;group&gt;</string>
		</dict>
		<key>C3A80C801CFED8390031EA89</key>
		<dict>
			<key>fileEncoding</key>
			<string>4</string>
			<key>isa</key>
			<string>PBXFileReference</string>
			<key>lastKnownFileType</key>
			<string>sourcecode.c.h</string>
			<key>path</key>
			<string>YLLocationTool.h</string>
			<key>sourceTree</key>
			<string>&lt;group&gt;</string>
		</dict>
		<key>C3A80C811CFED8390031EA89</key>
		<dict>
			<key>fileEncoding</key>
			<string>4</string>
			<key>isa</key>
			<string>PBXFileReference</string>
			<key>lastKnownFileType</key>
			<string>sourcecode.c.objc</string>
			<key>path</key>
			<string>YLLocationTool.m</string>
			<key>sourceTree</key>
			<string>&lt;group&gt;</string>
		</dict>
		<key>C3A80C821CFED8390031EA89</key>
		<dict>
			<key>fileRef</key>
			<string>C3A80C811CFED8390031EA89</string>
			<key>isa</key>
			<string>PBXBuildFile</string>
		</dict>
		<key>C3DE87541D026AE20051E255</key>
		<dict>
			<key>children</key>
			<array>
				<string>C3DE87551D026D560051E255</string>
				<string>C3DE87561D026D560051E255</string>
				<string>C3DE875E1D0290E20051E255</string>
				<string>C3DE875F1D0290E20051E255</string>
				<string>C3DE87611D0290E20051E255</string>
				<string>C3DE87621D0290E20051E255</string>
				<string>C3DE87641D044ED30051E255</string>
				<string>C3DE87651D044ED30051E255</string>
				<string>C34FEB1C1D10EF63006E6A51</string>
				<string>C34FEB1D1D10EF63006E6A51</string>
				<string>C34FEB1F1D10FDFE006E6A51</string>
				<string>C34FEB201D10FDFE006E6A51</string>
				<string>C34FEB211D10FDFE006E6A51</string>
				<string>C34FEB241D1129C6006E6A51</string>
				<string>C34FEB771D128207006E6A51</string>
				<string>C34FEB781D128207006E6A51</string>
				<string>C34FEB7A1D128BB2006E6A51</string>
				<string>C34FEB7B1D128BB2006E6A51</string>
				<string>C34FEB7D1D1399B5006E6A51</string>
				<string>C34FEB7E1D1399B5006E6A51</string>
				<string>C34FEB801D13CE1D006E6A51</string>
				<string>C34FEB811D13CE1D006E6A51</string>
				<string>C34FEB831D13D1B0006E6A51</string>
				<string>C34FEB841D13D1B0006E6A51</string>
				<string>C34FEB861D13E087006E6A51</string>
				<string>C3241F621D20BC8A0015C9FD</string>
				<string>C3241F631D20BC8A0015C9FD</string>
				<string>C3241F651D20C3840015C9FD</string>
				<string>C3241F661D20C3840015C9FD</string>
				<string>C3241F681D20CD060015C9FD</string>
				<string>C3241F691D20CD060015C9FD</string>
			</array>
			<key>isa</key>
			<string>PBXGroup</string>
			<key>name</key>
			<string>UITableView</string>
			<key>sourceTree</key>
			<string>&lt;group&gt;</string>
		</dict>
		<key>C3DE87551D026D560051E255</key>
		<dict>
			<key>fileEncoding</key>
			<string>4</string>
			<key>isa</key>
			<string>PBXFileReference</string>
			<key>lastKnownFileType</key>
			<string>sourcecode.c.h</string>
			<key>path</key>
			<string>TableViewControllerOne.h</string>
			<key>sourceTree</key>
			<string>&lt;group&gt;</string>
		</dict>
		<key>C3DE87561D026D560051E255</key>
		<dict>
			<key>fileEncoding</key>
			<string>4</string>
			<key>isa</key>
			<string>PBXFileReference</string>
			<key>lastKnownFileType</key>
			<string>sourcecode.c.objc</string>
			<key>path</key>
			<string>TableViewControllerOne.m</string>
			<key>sourceTree</key>
			<string>&lt;group&gt;</string>
		</dict>
		<key>C3DE87571D026D560051E255</key>
		<dict>
			<key>fileRef</key>
			<string>C3DE87561D026D560051E255</string>
			<key>isa</key>
			<string>PBXBuildFile</string>
		</dict>
		<key>C3DE875E1D0290E20051E255</key>
		<dict>
			<key>fileEncoding</key>
			<string>4</string>
			<key>isa</key>
			<string>PBXFileReference</string>
			<key>lastKnownFileType</key>
			<string>sourcecode.c.h</string>
			<key>path</key>
			<string>TableViewControllerTwo.h</string>
			<key>sourceTree</key>
			<string>&lt;group&gt;</string>
		</dict>
		<key>C3DE875F1D0290E20051E255</key>
		<dict>
			<key>fileEncoding</key>
			<string>4</string>
			<key>isa</key>
			<string>PBXFileReference</string>
			<key>lastKnownFileType</key>
			<string>sourcecode.c.objc</string>
			<key>path</key>
			<string>TableViewControllerTwo.m</string>
			<key>sourceTree</key>
			<string>&lt;group&gt;</string>
		</dict>
		<key>C3DE87601D0290E20051E255</key>
		<dict>
			<key>fileRef</key>
			<string>C3DE875F1D0290E20051E255</string>
			<key>isa</key>
			<string>PBXBuildFile</string>
		</dict>
		<key>C3DE87611D0290E20051E255</key>
		<dict>
			<key>fileEncoding</key>
			<string>4</string>
			<key>isa</key>
			<string>PBXFileReference</string>
			<key>lastKnownFileType</key>
			<string>sourcecode.c.h</string>
			<key>path</key>
			<string>TableViewControllerThree.h</string>
			<key>sourceTree</key>
			<string>&lt;group&gt;</string>
		</dict>
		<key>C3DE87621D0290E20051E255</key>
		<dict>
			<key>fileEncoding</key>
			<string>4</string>
			<key>isa</key>
			<string>PBXFileReference</string>
			<key>lastKnownFileType</key>
			<string>sourcecode.c.objc</string>
			<key>path</key>
			<string>TableViewControllerThree.m</string>
			<key>sourceTree</key>
			<string>&lt;group&gt;</string>
		</dict>
		<key>C3DE87631D0290E20051E255</key>
		<dict>
			<key>fileRef</key>
			<string>C3DE87621D0290E20051E255</string>
			<key>isa</key>
			<string>PBXBuildFile</string>
		</dict>
		<key>C3DE87641D044ED30051E255</key>
		<dict>
			<key>fileEncoding</key>
			<string>4</string>
			<key>isa</key>
			<string>PBXFileReference</string>
			<key>lastKnownFileType</key>
			<string>sourcecode.c.h</string>
			<key>path</key>
			<string>TableViewControllerFour.h</string>
			<key>sourceTree</key>
			<string>&lt;group&gt;</string>
		</dict>
		<key>C3DE87651D044ED30051E255</key>
		<dict>
			<key>fileEncoding</key>
			<string>4</string>
			<key>isa</key>
			<string>PBXFileReference</string>
			<key>lastKnownFileType</key>
			<string>sourcecode.c.objc</string>
			<key>path</key>
			<string>TableViewControllerFour.m</string>
			<key>sourceTree</key>
			<string>&lt;group&gt;</string>
		</dict>
		<key>C3DE87661D044ED30051E255</key>
		<dict>
			<key>fileRef</key>
			<string>C3DE87651D044ED30051E255</string>
			<key>isa</key>
			<string>PBXBuildFile</string>
		</dict>
		<key>C3E27FDF1D387378004C4D15</key>
		<dict>
			<key>children</key>
			<array>
				<string>C3E27FEC1D38E90B004C4D15</string>
				<string>C3E27FE01D387464004C4D15</string>
				<string>C3E27FE11D387464004C4D15</string>
				<string>C3E27FE31D3874A9004C4D15</string>
				<string>C3E27FE41D3874A9004C4D15</string>
				<string>C3E27FE61D3874B0004C4D15</string>
				<string>C3E27FE71D3874B0004C4D15</string>
				<string>C3E27FE91D387504004C4D15</string>
				<string>C3E27FEA1D387504004C4D15</string>
			</array>
			<key>isa</key>
			<string>PBXGroup</string>
			<key>name</key>
			<string>Tag &#26631;&#31614; - FCOM</string>
			<key>sourceTree</key>
			<string>&lt;group&gt;</string>
		</dict>
		<key>C3E27FE01D387464004C4D15</key>
		<dict>
			<key>fileEncoding</key>
			<string>4</string>
			<key>isa</key>
			<string>PBXFileReference</string>
			<key>lastKnownFileType</key>
			<string>sourcecode.c.h</string>
			<key>path</key>
			<string>UICollectionViewLeftAlignedLayout.h</string>
			<key>sourceTree</key>
			<string>&lt;group&gt;</string>
		</dict>
		<key>C3E27FE11D387464004C4D15</key>
		<dict>
			<key>fileEncoding</key>
			<string>4</string>
			<key>isa</key>
			<string>PBXFileReference</string>
			<key>lastKnownFileType</key>
			<string>sourcecode.c.objc</string>
			<key>path</key>
			<string>UICollectionViewLeftAlignedLayout.m</string>
			<key>sourceTree</key>
			<string>&lt;group&gt;</string>
		</dict>
		<key>C3E27FE21D387464004C4D15</key>
		<dict>
			<key>fileRef</key>
			<string>C3E27FE11D387464004C4D15</string>
			<key>isa</key>
			<string>PBXBuildFile</string>
		</dict>
		<key>C3E27FE31D3874A9004C4D15</key>
		<dict>
			<key>fileEncoding</key>
			<string>4</string>
			<key>isa</key>
			<string>PBXFileReference</string>
			<key>lastKnownFileType</key>
			<string>sourcecode.c.h</string>
			<key>path</key>
			<string>CollectionHeaderView.h</string>
			<key>sourceTree</key>
			<string>&lt;group&gt;</string>
		</dict>
		<key>C3E27FE41D3874A9004C4D15</key>
		<dict>
			<key>fileEncoding</key>
			<string>4</string>
			<key>isa</key>
			<string>PBXFileReference</string>
			<key>lastKnownFileType</key>
			<string>sourcecode.c.objc</string>
			<key>path</key>
			<string>CollectionHeaderView.m</string>
			<key>sourceTree</key>
			<string>&lt;group&gt;</string>
		</dict>
		<key>C3E27FE51D3874A9004C4D15</key>
		<dict>
			<key>fileRef</key>
			<string>C3E27FE41D3874A9004C4D15</string>
			<key>isa</key>
			<string>PBXBuildFile</string>
		</dict>
		<key>C3E27FE61D3874B0004C4D15</key>
		<dict>
			<key>fileEncoding</key>
			<string>4</string>
			<key>isa</key>
			<string>PBXFileReference</string>
			<key>lastKnownFileType</key>
			<string>sourcecode.c.h</string>
			<key>path</key>
			<string>CollectionViewCell.h</string>
			<key>sourceTree</key>
			<string>&lt;group&gt;</string>
		</dict>
		<key>C3E27FE71D3874B0004C4D15</key>
		<dict>
			<key>fileEncoding</key>
			<string>4</string>
			<key>isa</key>
			<string>PBXFileReference</string>
			<key>lastKnownFileType</key>
			<string>sourcecode.c.objc</string>
			<key>path</key>
			<string>CollectionViewCell.m</string>
			<key>sourceTree</key>
			<string>&lt;group&gt;</string>
		</dict>
		<key>C3E27FE81D3874B0004C4D15</key>
		<dict>
			<key>fileRef</key>
			<string>C3E27FE71D3874B0004C4D15</string>
			<key>isa</key>
			<string>PBXBuildFile</string>
		</dict>
		<key>C3E27FE91D387504004C4D15</key>
		<dict>
			<key>fileEncoding</key>
			<string>4</string>
			<key>isa</key>
			<string>PBXFileReference</string>
			<key>lastKnownFileType</key>
			<string>sourcecode.c.h</string>
			<key>path</key>
			<string>TagSelectViewController.h</string>
			<key>sourceTree</key>
			<string>&lt;group&gt;</string>
		</dict>
		<key>C3E27FEA1D387504004C4D15</key>
		<dict>
			<key>fileEncoding</key>
			<string>4</string>
			<key>isa</key>
			<string>PBXFileReference</string>
			<key>lastKnownFileType</key>
			<string>sourcecode.c.objc</string>
			<key>path</key>
			<string>TagSelectViewController.m</string>
			<key>sourceTree</key>
			<string>&lt;group&gt;</string>
		</dict>
		<key>C3E27FEB1D387504004C4D15</key>
		<dict>
			<key>fileRef</key>
			<string>C3E27FEA1D387504004C4D15</string>
			<key>isa</key>
			<string>PBXBuildFile</string>
		</dict>
		<key>C3E27FEC1D38E90B004C4D15</key>
		<dict>
			<key>isa</key>
			<string>PBXFileReference</string>
			<key>lastKnownFileType</key>
			<string>image.png</string>
			<key>path</key>
			<string>selectedBackground.png</string>
			<key>sourceTree</key>
			<string>&lt;group&gt;</string>
		</dict>
		<key>C3E27FED1D38E90B004C4D15</key>
		<dict>
			<key>fileRef</key>
			<string>C3E27FEC1D38E90B004C4D15</string>
			<key>isa</key>
			<string>PBXBuildFile</string>
		</dict>
		<key>CDCFC47E244D0D0962698397</key>
		<dict>
			<key>buildActionMask</key>
			<string>2147483647</string>
			<key>files</key>
			<array/>
			<key>inputPaths</key>
			<array/>
			<key>isa</key>
			<string>PBXShellScriptBuildPhase</string>
			<key>name</key>
			<string>Embed Pods Frameworks</string>
			<key>outputPaths</key>
			<array/>
			<key>runOnlyForDeploymentPostprocessing</key>
			<string>0</string>
			<key>shellPath</key>
			<string>/bin/sh</string>
			<key>shellScript</key>
			<string>"${SRCROOT}/Pods/Target Support Files/Pods-YLExperimentForOC/Pods-YLExperimentForOC-frameworks.sh"
</string>
			<key>showEnvVarsInLog</key>
			<string>0</string>
		</dict>
		<key>D1B3B731ED24FEA9F5BF0EA9</key>
		<dict>
			<key>explicitFileType</key>
			<string>archive.ar</string>
			<key>includeInIndex</key>
			<string>0</string>
			<key>isa</key>
			<string>PBXFileReference</string>
			<key>path</key>
			<string>libPods-YLExperimentForOC.a</string>
			<key>sourceTree</key>
			<string>BUILT_PRODUCTS_DIR</string>
		</dict>
		<key>E0F02641CC9B31216547ECD4</key>
		<dict>
			<key>buildActionMask</key>
			<string>2147483647</string>
			<key>files</key>
			<array/>
			<key>inputPaths</key>
			<array/>
			<key>isa</key>
			<string>PBXShellScriptBuildPhase</string>
			<key>name</key>
			<string>Check Pods Manifest.lock</string>
			<key>outputPaths</key>
			<array/>
			<key>runOnlyForDeploymentPostprocessing</key>
			<string>0</string>
			<key>shellPath</key>
			<string>/bin/sh</string>
			<key>shellScript</key>
			<string>diff "${PODS_ROOT}/../Podfile.lock" "${PODS_ROOT}/Manifest.lock" &gt; /dev/null
if [[ $? != 0 ]] ; then
    cat &lt;&lt; EOM
error: The sandbox is not in sync with the Podfile.lock. Run 'pod install' or update your CocoaPods installation.
EOM
    exit 1
fi
</string>
			<key>showEnvVarsInLog</key>
			<string>0</string>
		</dict>
	</dict>
	<key>rootObject</key>
	<string>C35B1F5F1CCF5A4800032582</string>
</dict>
</plist>
